
Microsoft Visual Studio Solution File, Format Version 12.00
# Visual Studio Version 17
VisualStudioVersion = 17.4.33213.308
MinimumVisualStudioVersion = 10.0.40219.1
Project("{9A19103F-16F7-4668-BE54-9A1E7A4F7556}") = "Test ML", "Test ML.csproj", "{6C715CE9-82E0-47D6-B66F-AA07CB860DFC}"
EndProject
Project("{9A19103F-16F7-4668-BE54-9A1E7A4F7556}") = "MLModel1_ConsoleApp1", "..\MLModel1_ConsoleApp1\MLModel1_ConsoleApp1.csproj", "{2CE4C7E2-2D9C-498E-900B-20985126BA48}"
EndProject
Project("{2150E333-8FDC-42A3-9474-1A3956D46DE8}") = "Half brushs", "Half brushs", "{467624A9-AA3E-40AA-9062-3B629EB0803F}"
	ProjectSection(SolutionItems) = preProject
		..\LEGO brick images v1\32123 half Bush\201706171506-0001.png = ..\LEGO brick images v1\32123 half Bush\201706171506-0001.png
		..\LEGO brick images v1\32123 half Bush\201706171506-0002.png = ..\LEGO brick images v1\32123 half Bush\201706171506-0002.png
		..\LEGO brick images v1\32123 half Bush\201706171506-0003.png = ..\LEGO brick images v1\32123 half Bush\201706171506-0003.png
		..\LEGO brick images v1\32123 half Bush\201706171506-0004.png = ..\LEGO brick images v1\32123 half Bush\201706171506-0004.png
		..\LEGO brick images v1\32123 half Bush\201706171506-0005.png = ..\LEGO brick images v1\32123 half Bush\201706171506-0005.png
		..\LEGO brick images v1\32123 half Bush\201706171506-0006.png = ..\LEGO brick images v1\32123 half Bush\201706171506-0006.png
		..\LEGO brick images v1\32123 half Bush\201706171506-0007.png = ..\LEGO brick images v1\32123 half Bush\201706171506-0007.png
		..\LEGO brick images v1\32123 half Bush\201706171506-0008.png = ..\LEGO brick images v1\32123 half Bush\201706171506-0008.png
		..\LEGO brick images v1\32123 half Bush\201706171506-0009.png = ..\LEGO brick images v1\32123 half Bush\201706171506-0009.png
		..\LEGO brick images v1\32123 half Bush\201706171506-0010.png = ..\LEGO brick images v1\32123 half Bush\201706171506-0010.png
		..\LEGO brick images v1\32123 half Bush\201706171506-0011.png = ..\LEGO brick images v1\32123 half Bush\201706171506-0011.png
		..\LEGO brick images v1\32123 half Bush\201706171506-0012.png = ..\LEGO brick images v1\32123 half Bush\201706171506-0012.png
		..\LEGO brick images v1\32123 half Bush\201706171506-0013.png = ..\LEGO brick images v1\32123 half Bush\201706171506-0013.png
		..\LEGO brick images v1\32123 half Bush\201706171506-0014.png = ..\LEGO brick images v1\32123 half Bush\201706171506-0014.png
		..\LEGO brick images v1\32123 half Bush\201706171506-0015.png = ..\LEGO brick images v1\32123 half Bush\201706171506-0015.png
		..\LEGO brick images v1\32123 half Bush\201706171506-0016.png = ..\LEGO brick images v1\32123 half Bush\201706171506-0016.png
		..\LEGO brick images v1\32123 half Bush\201706171506-0017.png = ..\LEGO brick images v1\32123 half Bush\201706171506-0017.png
		..\LEGO brick images v1\32123 half Bush\201706171506-0018.png = ..\LEGO brick images v1\32123 half Bush\201706171506-0018.png
		..\LEGO brick images v1\32123 half Bush\201706171506-0019.png = ..\LEGO brick images v1\32123 half Bush\201706171506-0019.png
		..\LEGO brick images v1\32123 half Bush\201706171506-0020.png = ..\LEGO brick images v1\32123 half Bush\201706171506-0020.png
		..\LEGO brick images v1\32123 half Bush\201706171506-0021.png = ..\LEGO brick images v1\32123 half Bush\201706171506-0021.png
		..\LEGO brick images v1\32123 half Bush\201706171506-0022.png = ..\LEGO brick images v1\32123 half Bush\201706171506-0022.png
		..\LEGO brick images v1\32123 half Bush\201706171506-0023.png = ..\LEGO brick images v1\32123 half Bush\201706171506-0023.png
		..\LEGO brick images v1\32123 half Bush\201706171506-0024.png = ..\LEGO brick images v1\32123 half Bush\201706171506-0024.png
		..\LEGO brick images v1\32123 half Bush\201706171506-0025.png = ..\LEGO brick images v1\32123 half Bush\201706171506-0025.png
		..\LEGO brick images v1\32123 half Bush\201706171506-0026.png = ..\LEGO brick images v1\32123 half Bush\201706171506-0026.png
		..\LEGO brick images v1\32123 half Bush\201706171506-0027.png = ..\LEGO brick images v1\32123 half Bush\201706171506-0027.png
		..\LEGO brick images v1\32123 half Bush\201706171506-0028.png = ..\LEGO brick images v1\32123 half Bush\201706171506-0028.png
		..\LEGO brick images v1\32123 half Bush\201706171506-0029.png = ..\LEGO brick images v1\32123 half Bush\201706171506-0029.png
		..\LEGO brick images v1\32123 half Bush\201706171506-0030.png = ..\LEGO brick images v1\32123 half Bush\201706171506-0030.png
		..\LEGO brick images v1\32123 half Bush\201706171506-0031.png = ..\LEGO brick images v1\32123 half Bush\201706171506-0031.png
		..\LEGO brick images v1\32123 half Bush\201706171506-0032.png = ..\LEGO brick images v1\32123 half Bush\201706171506-0032.png
		..\LEGO brick images v1\32123 half Bush\201706171506-0033.png = ..\LEGO brick images v1\32123 half Bush\201706171506-0033.png
		..\LEGO brick images v1\32123 half Bush\201706171506-0034.png = ..\LEGO brick images v1\32123 half Bush\201706171506-0034.png
		..\LEGO brick images v1\32123 half Bush\201706171506-0035.png = ..\LEGO brick images v1\32123 half Bush\201706171506-0035.png
		..\LEGO brick images v1\32123 half Bush\201706171506-0036.png = ..\LEGO brick images v1\32123 half Bush\201706171506-0036.png
		..\LEGO brick images v1\32123 half Bush\201706171506-0037.png = ..\LEGO brick images v1\32123 half Bush\201706171506-0037.png
		..\LEGO brick images v1\32123 half Bush\201706171506-0038.png = ..\LEGO brick images v1\32123 half Bush\201706171506-0038.png
		..\LEGO brick images v1\32123 half Bush\201706171506-0039.png = ..\LEGO brick images v1\32123 half Bush\201706171506-0039.png
		..\LEGO brick images v1\32123 half Bush\201706171506-0040.png = ..\LEGO brick images v1\32123 half Bush\201706171506-0040.png
		..\LEGO brick images v1\32123 half Bush\201706171506-0041.png = ..\LEGO brick images v1\32123 half Bush\201706171506-0041.png
		..\LEGO brick images v1\32123 half Bush\201706171506-0042.png = ..\LEGO brick images v1\32123 half Bush\201706171506-0042.png
		..\LEGO brick images v1\32123 half Bush\201706171506-0043.png = ..\LEGO brick images v1\32123 half Bush\201706171506-0043.png
		..\LEGO brick images v1\32123 half Bush\201706171506-0044.png = ..\LEGO brick images v1\32123 half Bush\201706171506-0044.png
		..\LEGO brick images v1\32123 half Bush\201706171506-0045.png = ..\LEGO brick images v1\32123 half Bush\201706171506-0045.png
		..\LEGO brick images v1\32123 half Bush\201706171506-0046.png = ..\LEGO brick images v1\32123 half Bush\201706171506-0046.png
		..\LEGO brick images v1\32123 half Bush\201706171506-0047.png = ..\LEGO brick images v1\32123 half Bush\201706171506-0047.png
		..\LEGO brick images v1\32123 half Bush\201706171506-0048.png = ..\LEGO brick images v1\32123 half Bush\201706171506-0048.png
		..\LEGO brick images v1\32123 half Bush\201706171506-0049.png = ..\LEGO brick images v1\32123 half Bush\201706171506-0049.png
		..\LEGO brick images v1\32123 half Bush\201706171506-0050.png = ..\LEGO brick images v1\32123 half Bush\201706171506-0050.png
		..\LEGO brick images v1\32123 half Bush\201706171506-0051.png = ..\LEGO brick images v1\32123 half Bush\201706171506-0051.png
		..\LEGO brick images v1\32123 half Bush\201706171506-0052.png = ..\LEGO brick images v1\32123 half Bush\201706171506-0052.png
		..\LEGO brick images v1\32123 half Bush\201706171506-0053.png = ..\LEGO brick images v1\32123 half Bush\201706171506-0053.png
		..\LEGO brick images v1\32123 half Bush\201706171506-0054.png = ..\LEGO brick images v1\32123 half Bush\201706171506-0054.png
		..\LEGO brick images v1\32123 half Bush\201706171506-0055.png = ..\LEGO brick images v1\32123 half Bush\201706171506-0055.png
		..\LEGO brick images v1\32123 half Bush\201706171506-0056.png = ..\LEGO brick images v1\32123 half Bush\201706171506-0056.png
		..\LEGO brick images v1\32123 half Bush\201706171506-0057.png = ..\LEGO brick images v1\32123 half Bush\201706171506-0057.png
		..\LEGO brick images v1\32123 half Bush\201706171506-0058.png = ..\LEGO brick images v1\32123 half Bush\201706171506-0058.png
		..\LEGO brick images v1\32123 half Bush\201706171506-0059.png = ..\LEGO brick images v1\32123 half Bush\201706171506-0059.png
		..\LEGO brick images v1\32123 half Bush\201706171506-0060.png = ..\LEGO brick images v1\32123 half Bush\201706171506-0060.png
		..\LEGO brick images v1\32123 half Bush\201706171506-0061.png = ..\LEGO brick images v1\32123 half Bush\201706171506-0061.png
		..\LEGO brick images v1\32123 half Bush\201706171506-0062.png = ..\LEGO brick images v1\32123 half Bush\201706171506-0062.png
		..\LEGO brick images v1\32123 half Bush\201706171506-0063.png = ..\LEGO brick images v1\32123 half Bush\201706171506-0063.png
		..\LEGO brick images v1\32123 half Bush\201706171506-0064.png = ..\LEGO brick images v1\32123 half Bush\201706171506-0064.png
		..\LEGO brick images v1\32123 half Bush\201706171506-0065.png = ..\LEGO brick images v1\32123 half Bush\201706171506-0065.png
		..\LEGO brick images v1\32123 half Bush\201706171506-0066.png = ..\LEGO brick images v1\32123 half Bush\201706171506-0066.png
		..\LEGO brick images v1\32123 half Bush\201706171506-0067.png = ..\LEGO brick images v1\32123 half Bush\201706171506-0067.png
		..\LEGO brick images v1\32123 half Bush\201706171506-0068.png = ..\LEGO brick images v1\32123 half Bush\201706171506-0068.png
		..\LEGO brick images v1\32123 half Bush\201706171506-0069.png = ..\LEGO brick images v1\32123 half Bush\201706171506-0069.png
		..\LEGO brick images v1\32123 half Bush\201706171506-0070.png = ..\LEGO brick images v1\32123 half Bush\201706171506-0070.png
		..\LEGO brick images v1\32123 half Bush\201706171506-0071.png = ..\LEGO brick images v1\32123 half Bush\201706171506-0071.png
		..\LEGO brick images v1\32123 half Bush\201706171506-0072.png = ..\LEGO brick images v1\32123 half Bush\201706171506-0072.png
		..\LEGO brick images v1\32123 half Bush\201706171506-0073.png = ..\LEGO brick images v1\32123 half Bush\201706171506-0073.png
		..\LEGO brick images v1\32123 half Bush\201706171506-0074.png = ..\LEGO brick images v1\32123 half Bush\201706171506-0074.png
		..\LEGO brick images v1\32123 half Bush\201706171506-0075.png = ..\LEGO brick images v1\32123 half Bush\201706171506-0075.png
		..\LEGO brick images v1\32123 half Bush\201706171506-0076.png = ..\LEGO brick images v1\32123 half Bush\201706171506-0076.png
		..\LEGO brick images v1\32123 half Bush\201706171506-0077.png = ..\LEGO brick images v1\32123 half Bush\201706171506-0077.png
		..\LEGO brick images v1\32123 half Bush\201706171506-0078.png = ..\LEGO brick images v1\32123 half Bush\201706171506-0078.png
		..\LEGO brick images v1\32123 half Bush\201706171506-0079.png = ..\LEGO brick images v1\32123 half Bush\201706171506-0079.png
		..\LEGO brick images v1\32123 half Bush\201706171506-0080.png = ..\LEGO brick images v1\32123 half Bush\201706171506-0080.png
		..\LEGO brick images v1\32123 half Bush\201706171506-0081.png = ..\LEGO brick images v1\32123 half Bush\201706171506-0081.png
		..\LEGO brick images v1\32123 half Bush\201706171506-0082.png = ..\LEGO brick images v1\32123 half Bush\201706171506-0082.png
		..\LEGO brick images v1\32123 half Bush\201706171506-0083.png = ..\LEGO brick images v1\32123 half Bush\201706171506-0083.png
		..\LEGO brick images v1\32123 half Bush\201706171506-0084.png = ..\LEGO brick images v1\32123 half Bush\201706171506-0084.png
		..\LEGO brick images v1\32123 half Bush\201706171506-0085.png = ..\LEGO brick images v1\32123 half Bush\201706171506-0085.png
		..\LEGO brick images v1\32123 half Bush\201706171506-0086.png = ..\LEGO brick images v1\32123 half Bush\201706171506-0086.png
		..\LEGO brick images v1\32123 half Bush\201706171506-0087.png = ..\LEGO brick images v1\32123 half Bush\201706171506-0087.png
		..\LEGO brick images v1\32123 half Bush\201706171506-0088.png = ..\LEGO brick images v1\32123 half Bush\201706171506-0088.png
		..\LEGO brick images v1\32123 half Bush\201706171506-0089.png = ..\LEGO brick images v1\32123 half Bush\201706171506-0089.png
		..\LEGO brick images v1\32123 half Bush\201706171506-0090.png = ..\LEGO brick images v1\32123 half Bush\201706171506-0090.png
		..\LEGO brick images v1\32123 half Bush\201706171506-0091.png = ..\LEGO brick images v1\32123 half Bush\201706171506-0091.png
		..\LEGO brick images v1\32123 half Bush\201706171506-0092.png = ..\LEGO brick images v1\32123 half Bush\201706171506-0092.png
		..\LEGO brick images v1\32123 half Bush\201706171506-0093.png = ..\LEGO brick images v1\32123 half Bush\201706171506-0093.png
		..\LEGO brick images v1\32123 half Bush\201706171506-0094.png = ..\LEGO brick images v1\32123 half Bush\201706171506-0094.png
		..\LEGO brick images v1\32123 half Bush\201706171506-0095.png = ..\LEGO brick images v1\32123 half Bush\201706171506-0095.png
		..\LEGO brick images v1\32123 half Bush\201706171506-0096.png = ..\LEGO brick images v1\32123 half Bush\201706171506-0096.png
		..\LEGO brick images v1\32123 half Bush\201706171506-0097.png = ..\LEGO brick images v1\32123 half Bush\201706171506-0097.png
		..\LEGO brick images v1\32123 half Bush\201706171506-0098.png = ..\LEGO brick images v1\32123 half Bush\201706171506-0098.png
		..\LEGO brick images v1\32123 half Bush\201706171506-0099.png = ..\LEGO brick images v1\32123 half Bush\201706171506-0099.png
		..\LEGO brick images v1\32123 half Bush\201706171506-0100.png = ..\LEGO brick images v1\32123 half Bush\201706171506-0100.png
		..\LEGO brick images v1\32123 half Bush\201706171506-0101.png = ..\LEGO brick images v1\32123 half Bush\201706171506-0101.png
		..\LEGO brick images v1\32123 half Bush\201706171506-0102.png = ..\LEGO brick images v1\32123 half Bush\201706171506-0102.png
		..\LEGO brick images v1\32123 half Bush\201706171506-0103.png = ..\LEGO brick images v1\32123 half Bush\201706171506-0103.png
		..\LEGO brick images v1\32123 half Bush\201706171506-0104.png = ..\LEGO brick images v1\32123 half Bush\201706171506-0104.png
		..\LEGO brick images v1\32123 half Bush\201706171506-0105.png = ..\LEGO brick images v1\32123 half Bush\201706171506-0105.png
		..\LEGO brick images v1\32123 half Bush\201706171506-0106.png = ..\LEGO brick images v1\32123 half Bush\201706171506-0106.png
		..\LEGO brick images v1\32123 half Bush\201706171506-0107.png = ..\LEGO brick images v1\32123 half Bush\201706171506-0107.png
		..\LEGO brick images v1\32123 half Bush\201706171506-0108.png = ..\LEGO brick images v1\32123 half Bush\201706171506-0108.png
		..\LEGO brick images v1\32123 half Bush\201706171506-0109.png = ..\LEGO brick images v1\32123 half Bush\201706171506-0109.png
		..\LEGO brick images v1\32123 half Bush\201706171506-0110.png = ..\LEGO brick images v1\32123 half Bush\201706171506-0110.png
		..\LEGO brick images v1\32123 half Bush\201706171506-0111.png = ..\LEGO brick images v1\32123 half Bush\201706171506-0111.png
		..\LEGO brick images v1\32123 half Bush\201706171506-0112.png = ..\LEGO brick images v1\32123 half Bush\201706171506-0112.png
		..\LEGO brick images v1\32123 half Bush\201706171506-0113.png = ..\LEGO brick images v1\32123 half Bush\201706171506-0113.png
		..\LEGO brick images v1\32123 half Bush\201706171506-0114.png = ..\LEGO brick images v1\32123 half Bush\201706171506-0114.png
		..\LEGO brick images v1\32123 half Bush\201706171506-0115.png = ..\LEGO brick images v1\32123 half Bush\201706171506-0115.png
		..\LEGO brick images v1\32123 half Bush\201706171506-0116.png = ..\LEGO brick images v1\32123 half Bush\201706171506-0116.png
		..\LEGO brick images v1\32123 half Bush\201706171506-0117.png = ..\LEGO brick images v1\32123 half Bush\201706171506-0117.png
		..\LEGO brick images v1\32123 half Bush\201706171506-0118.png = ..\LEGO brick images v1\32123 half Bush\201706171506-0118.png
		..\LEGO brick images v1\32123 half Bush\201706171506-0119.png = ..\LEGO brick images v1\32123 half Bush\201706171506-0119.png
		..\LEGO brick images v1\32123 half Bush\201706171506-0120.png = ..\LEGO brick images v1\32123 half Bush\201706171506-0120.png
		..\LEGO brick images v1\32123 half Bush\201706171506-0121.png = ..\LEGO brick images v1\32123 half Bush\201706171506-0121.png
		..\LEGO brick images v1\32123 half Bush\201706171506-0122.png = ..\LEGO brick images v1\32123 half Bush\201706171506-0122.png
		..\LEGO brick images v1\32123 half Bush\201706171506-0123.png = ..\LEGO brick images v1\32123 half Bush\201706171506-0123.png
		..\LEGO brick images v1\32123 half Bush\201706171506-0124.png = ..\LEGO brick images v1\32123 half Bush\201706171506-0124.png
		..\LEGO brick images v1\32123 half Bush\201706171506-0125.png = ..\LEGO brick images v1\32123 half Bush\201706171506-0125.png
		..\LEGO brick images v1\32123 half Bush\201706171506-0126.png = ..\LEGO brick images v1\32123 half Bush\201706171506-0126.png
		..\LEGO brick images v1\32123 half Bush\201706171506-0127.png = ..\LEGO brick images v1\32123 half Bush\201706171506-0127.png
		..\LEGO brick images v1\32123 half Bush\201706171506-0128.png = ..\LEGO brick images v1\32123 half Bush\201706171506-0128.png
		..\LEGO brick images v1\32123 half Bush\201706171506-0129.png = ..\LEGO brick images v1\32123 half Bush\201706171506-0129.png
		..\LEGO brick images v1\32123 half Bush\201706171506-0130.png = ..\LEGO brick images v1\32123 half Bush\201706171506-0130.png
		..\LEGO brick images v1\32123 half Bush\201706171506-0131.png = ..\LEGO brick images v1\32123 half Bush\201706171506-0131.png
		..\LEGO brick images v1\32123 half Bush\201706171506-0132.png = ..\LEGO brick images v1\32123 half Bush\201706171506-0132.png
		..\LEGO brick images v1\32123 half Bush\201706171506-0133.png = ..\LEGO brick images v1\32123 half Bush\201706171506-0133.png
		..\LEGO brick images v1\32123 half Bush\201706171506-0134.png = ..\LEGO brick images v1\32123 half Bush\201706171506-0134.png
		..\LEGO brick images v1\32123 half Bush\201706171506-0135.png = ..\LEGO brick images v1\32123 half Bush\201706171506-0135.png
		..\LEGO brick images v1\32123 half Bush\201706171506-0136.png = ..\LEGO brick images v1\32123 half Bush\201706171506-0136.png
		..\LEGO brick images v1\32123 half Bush\201706171506-0137.png = ..\LEGO brick images v1\32123 half Bush\201706171506-0137.png
		..\LEGO brick images v1\32123 half Bush\201706171506-0138.png = ..\LEGO brick images v1\32123 half Bush\201706171506-0138.png
		..\LEGO brick images v1\32123 half Bush\201706171506-0139.png = ..\LEGO brick images v1\32123 half Bush\201706171506-0139.png
		..\LEGO brick images v1\32123 half Bush\201706171506-0140.png = ..\LEGO brick images v1\32123 half Bush\201706171506-0140.png
		..\LEGO brick images v1\32123 half Bush\201706171506-0141.png = ..\LEGO brick images v1\32123 half Bush\201706171506-0141.png
		..\LEGO brick images v1\32123 half Bush\201706171506-0142.png = ..\LEGO brick images v1\32123 half Bush\201706171506-0142.png
		..\LEGO brick images v1\32123 half Bush\201706171506-0143.png = ..\LEGO brick images v1\32123 half Bush\201706171506-0143.png
		..\LEGO brick images v1\32123 half Bush\201706171506-0144.png = ..\LEGO brick images v1\32123 half Bush\201706171506-0144.png
		..\LEGO brick images v1\32123 half Bush\201706171506-0145.png = ..\LEGO brick images v1\32123 half Bush\201706171506-0145.png
		..\LEGO brick images v1\32123 half Bush\201706171506-0146.png = ..\LEGO brick images v1\32123 half Bush\201706171506-0146.png
		..\LEGO brick images v1\32123 half Bush\201706171506-0147.png = ..\LEGO brick images v1\32123 half Bush\201706171506-0147.png
		..\LEGO brick images v1\32123 half Bush\201706171506-0148.png = ..\LEGO brick images v1\32123 half Bush\201706171506-0148.png
		..\LEGO brick images v1\32123 half Bush\201706171506-0149.png = ..\LEGO brick images v1\32123 half Bush\201706171506-0149.png
		..\LEGO brick images v1\32123 half Bush\201706171506-0150.png = ..\LEGO brick images v1\32123 half Bush\201706171506-0150.png
		..\LEGO brick images v1\32123 half Bush\201706171506-0151.png = ..\LEGO brick images v1\32123 half Bush\201706171506-0151.png
		..\LEGO brick images v1\32123 half Bush\201706171506-0152.png = ..\LEGO brick images v1\32123 half Bush\201706171506-0152.png
		..\LEGO brick images v1\32123 half Bush\201706171506-0153.png = ..\LEGO brick images v1\32123 half Bush\201706171506-0153.png
		..\LEGO brick images v1\32123 half Bush\201706171506-0154.png = ..\LEGO brick images v1\32123 half Bush\201706171506-0154.png
		..\LEGO brick images v1\32123 half Bush\201706171506-0155.png = ..\LEGO brick images v1\32123 half Bush\201706171506-0155.png
		..\LEGO brick images v1\32123 half Bush\201706171506-0156.png = ..\LEGO brick images v1\32123 half Bush\201706171506-0156.png
		..\LEGO brick images v1\32123 half Bush\201706171506-0157.png = ..\LEGO brick images v1\32123 half Bush\201706171506-0157.png
		..\LEGO brick images v1\32123 half Bush\201706171506-0158.png = ..\LEGO brick images v1\32123 half Bush\201706171506-0158.png
		..\LEGO brick images v1\32123 half Bush\201706171506-0159.png = ..\LEGO brick images v1\32123 half Bush\201706171506-0159.png
		..\LEGO brick images v1\32123 half Bush\201706171506-0160.png = ..\LEGO brick images v1\32123 half Bush\201706171506-0160.png
		..\LEGO brick images v1\32123 half Bush\201706171506-0161.png = ..\LEGO brick images v1\32123 half Bush\201706171506-0161.png
		..\LEGO brick images v1\32123 half Bush\201706171506-0162.png = ..\LEGO brick images v1\32123 half Bush\201706171506-0162.png
		..\LEGO brick images v1\32123 half Bush\201706171506-0163.png = ..\LEGO brick images v1\32123 half Bush\201706171506-0163.png
		..\LEGO brick images v1\32123 half Bush\201706171506-0164.png = ..\LEGO brick images v1\32123 half Bush\201706171506-0164.png
		..\LEGO brick images v1\32123 half Bush\201706171506-0165.png = ..\LEGO brick images v1\32123 half Bush\201706171506-0165.png
		..\LEGO brick images v1\32123 half Bush\201706171506-0166.png = ..\LEGO brick images v1\32123 half Bush\201706171506-0166.png
		..\LEGO brick images v1\32123 half Bush\201706171506-0167.png = ..\LEGO brick images v1\32123 half Bush\201706171506-0167.png
		..\LEGO brick images v1\32123 half Bush\201706171506-0168.png = ..\LEGO brick images v1\32123 half Bush\201706171506-0168.png
		..\LEGO brick images v1\32123 half Bush\201706171506-0169.png = ..\LEGO brick images v1\32123 half Bush\201706171506-0169.png
		..\LEGO brick images v1\32123 half Bush\201706171506-0170.png = ..\LEGO brick images v1\32123 half Bush\201706171506-0170.png
		..\LEGO brick images v1\32123 half Bush\201706171506-0171.png = ..\LEGO brick images v1\32123 half Bush\201706171506-0171.png
		..\LEGO brick images v1\32123 half Bush\201706171506-0172.png = ..\LEGO brick images v1\32123 half Bush\201706171506-0172.png
		..\LEGO brick images v1\32123 half Bush\201706171506-0173.png = ..\LEGO brick images v1\32123 half Bush\201706171506-0173.png
		..\LEGO brick images v1\32123 half Bush\201706171506-0174.png = ..\LEGO brick images v1\32123 half Bush\201706171506-0174.png
		..\LEGO brick images v1\32123 half Bush\201706171506-0175.png = ..\LEGO brick images v1\32123 half Bush\201706171506-0175.png
		..\LEGO brick images v1\32123 half Bush\201706171506-0176.png = ..\LEGO brick images v1\32123 half Bush\201706171506-0176.png
		..\LEGO brick images v1\32123 half Bush\201706171506-0177.png = ..\LEGO brick images v1\32123 half Bush\201706171506-0177.png
		..\LEGO brick images v1\32123 half Bush\201706171506-0178.png = ..\LEGO brick images v1\32123 half Bush\201706171506-0178.png
		..\LEGO brick images v1\32123 half Bush\201706171506-0179.png = ..\LEGO brick images v1\32123 half Bush\201706171506-0179.png
		..\LEGO brick images v1\32123 half Bush\201706171506-0180.png = ..\LEGO brick images v1\32123 half Bush\201706171506-0180.png
		..\LEGO brick images v1\32123 half Bush\201706171506-0181.png = ..\LEGO brick images v1\32123 half Bush\201706171506-0181.png
		..\LEGO brick images v1\32123 half Bush\201706171506-0182.png = ..\LEGO brick images v1\32123 half Bush\201706171506-0182.png
		..\LEGO brick images v1\32123 half Bush\201706171506-0183.png = ..\LEGO brick images v1\32123 half Bush\201706171506-0183.png
		..\LEGO brick images v1\32123 half Bush\201706171506-0184.png = ..\LEGO brick images v1\32123 half Bush\201706171506-0184.png
		..\LEGO brick images v1\32123 half Bush\201706171506-0185.png = ..\LEGO brick images v1\32123 half Bush\201706171506-0185.png
		..\LEGO brick images v1\32123 half Bush\201706171506-0186.png = ..\LEGO brick images v1\32123 half Bush\201706171506-0186.png
		..\LEGO brick images v1\32123 half Bush\201706171506-0187.png = ..\LEGO brick images v1\32123 half Bush\201706171506-0187.png
		..\LEGO brick images v1\32123 half Bush\201706171506-0188.png = ..\LEGO brick images v1\32123 half Bush\201706171506-0188.png
		..\LEGO brick images v1\32123 half Bush\201706171506-0189.png = ..\LEGO brick images v1\32123 half Bush\201706171506-0189.png
		..\LEGO brick images v1\32123 half Bush\201706171506-0190.png = ..\LEGO brick images v1\32123 half Bush\201706171506-0190.png
		..\LEGO brick images v1\32123 half Bush\201706171506-0191.png = ..\LEGO brick images v1\32123 half Bush\201706171506-0191.png
		..\LEGO brick images v1\32123 half Bush\201706171506-0192.png = ..\LEGO brick images v1\32123 half Bush\201706171506-0192.png
		..\LEGO brick images v1\32123 half Bush\201706171506-0193.png = ..\LEGO brick images v1\32123 half Bush\201706171506-0193.png
		..\LEGO brick images v1\32123 half Bush\201706171506-0194.png = ..\LEGO brick images v1\32123 half Bush\201706171506-0194.png
		..\LEGO brick images v1\32123 half Bush\201706171506-0195.png = ..\LEGO brick images v1\32123 half Bush\201706171506-0195.png
		..\LEGO brick images v1\32123 half Bush\201706171506-0196.png = ..\LEGO brick images v1\32123 half Bush\201706171506-0196.png
		..\LEGO brick images v1\32123 half Bush\201706171506-0197.png = ..\LEGO brick images v1\32123 half Bush\201706171506-0197.png
		..\LEGO brick images v1\32123 half Bush\201706171506-0198.png = ..\LEGO brick images v1\32123 half Bush\201706171506-0198.png
		..\LEGO brick images v1\32123 half Bush\201706171506-0199.png = ..\LEGO brick images v1\32123 half Bush\201706171506-0199.png
		..\LEGO brick images v1\32123 half Bush\201706171506-0200.png = ..\LEGO brick images v1\32123 half Bush\201706171506-0200.png
		..\LEGO brick images v1\32123 half Bush\201706171506-0201.png = ..\LEGO brick images v1\32123 half Bush\201706171506-0201.png
		..\LEGO brick images v1\32123 half Bush\201706171506-0202.png = ..\LEGO brick images v1\32123 half Bush\201706171506-0202.png
		..\LEGO brick images v1\32123 half Bush\201706171506-0203.png = ..\LEGO brick images v1\32123 half Bush\201706171506-0203.png
		..\LEGO brick images v1\32123 half Bush\201706171506-0204.png = ..\LEGO brick images v1\32123 half Bush\201706171506-0204.png
		..\LEGO brick images v1\32123 half Bush\201706171506-0205.png = ..\LEGO brick images v1\32123 half Bush\201706171506-0205.png
		..\LEGO brick images v1\32123 half Bush\201706171506-0206.png = ..\LEGO brick images v1\32123 half Bush\201706171506-0206.png
		..\LEGO brick images v1\32123 half Bush\201706171506-0207.png = ..\LEGO brick images v1\32123 half Bush\201706171506-0207.png
		..\LEGO brick images v1\32123 half Bush\201706171506-0208.png = ..\LEGO brick images v1\32123 half Bush\201706171506-0208.png
		..\LEGO brick images v1\32123 half Bush\201706171506-0209.png = ..\LEGO brick images v1\32123 half Bush\201706171506-0209.png
		..\LEGO brick images v1\32123 half Bush\201706171506-0210.png = ..\LEGO brick images v1\32123 half Bush\201706171506-0210.png
		..\LEGO brick images v1\32123 half Bush\201706171506-0211.png = ..\LEGO brick images v1\32123 half Bush\201706171506-0211.png
		..\LEGO brick images v1\32123 half Bush\201706171506-0212.png = ..\LEGO brick images v1\32123 half Bush\201706171506-0212.png
		..\LEGO brick images v1\32123 half Bush\201706171506-0213.png = ..\LEGO brick images v1\32123 half Bush\201706171506-0213.png
		..\LEGO brick images v1\32123 half Bush\201706171506-0214.png = ..\LEGO brick images v1\32123 half Bush\201706171506-0214.png
		..\LEGO brick images v1\32123 half Bush\201706171506-0215.png = ..\LEGO brick images v1\32123 half Bush\201706171506-0215.png
		..\LEGO brick images v1\32123 half Bush\201706171506-0216.png = ..\LEGO brick images v1\32123 half Bush\201706171506-0216.png
		..\LEGO brick images v1\32123 half Bush\201706171506-0217.png = ..\LEGO brick images v1\32123 half Bush\201706171506-0217.png
		..\LEGO brick images v1\32123 half Bush\201706171506-0218.png = ..\LEGO brick images v1\32123 half Bush\201706171506-0218.png
		..\LEGO brick images v1\32123 half Bush\201706171506-0219.png = ..\LEGO brick images v1\32123 half Bush\201706171506-0219.png
		..\LEGO brick images v1\32123 half Bush\201706171506-0220.png = ..\LEGO brick images v1\32123 half Bush\201706171506-0220.png
		..\LEGO brick images v1\32123 half Bush\201706171506-0221.png = ..\LEGO brick images v1\32123 half Bush\201706171506-0221.png
		..\LEGO brick images v1\32123 half Bush\201706171506-0222.png = ..\LEGO brick images v1\32123 half Bush\201706171506-0222.png
		..\LEGO brick images v1\32123 half Bush\201706171506-0223.png = ..\LEGO brick images v1\32123 half Bush\201706171506-0223.png
		..\LEGO brick images v1\32123 half Bush\201706171506-0224.png = ..\LEGO brick images v1\32123 half Bush\201706171506-0224.png
		..\LEGO brick images v1\32123 half Bush\201706171506-0225.png = ..\LEGO brick images v1\32123 half Bush\201706171506-0225.png
		..\LEGO brick images v1\32123 half Bush\201706171506-0226.png = ..\LEGO brick images v1\32123 half Bush\201706171506-0226.png
		..\LEGO brick images v1\32123 half Bush\201706171506-0227.png = ..\LEGO brick images v1\32123 half Bush\201706171506-0227.png
		..\LEGO brick images v1\32123 half Bush\201706171506-0228.png = ..\LEGO brick images v1\32123 half Bush\201706171506-0228.png
		..\LEGO brick images v1\32123 half Bush\201706171506-0229.png = ..\LEGO brick images v1\32123 half Bush\201706171506-0229.png
		..\LEGO brick images v1\32123 half Bush\201706171506-0230.png = ..\LEGO brick images v1\32123 half Bush\201706171506-0230.png
		..\LEGO brick images v1\32123 half Bush\201706171506-0231.png = ..\LEGO brick images v1\32123 half Bush\201706171506-0231.png
		..\LEGO brick images v1\32123 half Bush\201706171506-0232.png = ..\LEGO brick images v1\32123 half Bush\201706171506-0232.png
		..\LEGO brick images v1\32123 half Bush\201706171506-0233.png = ..\LEGO brick images v1\32123 half Bush\201706171506-0233.png
		..\LEGO brick images v1\32123 half Bush\201706171506-0234.png = ..\LEGO brick images v1\32123 half Bush\201706171506-0234.png
		..\LEGO brick images v1\32123 half Bush\201706171506-0235.png = ..\LEGO brick images v1\32123 half Bush\201706171506-0235.png
		..\LEGO brick images v1\32123 half Bush\201706171506-0236.png = ..\LEGO brick images v1\32123 half Bush\201706171506-0236.png
		..\LEGO brick images v1\32123 half Bush\201706171506-0237.png = ..\LEGO brick images v1\32123 half Bush\201706171506-0237.png
		..\LEGO brick images v1\32123 half Bush\201706171506-0238.png = ..\LEGO brick images v1\32123 half Bush\201706171506-0238.png
		..\LEGO brick images v1\32123 half Bush\201706171506-0239.png = ..\LEGO brick images v1\32123 half Bush\201706171506-0239.png
		..\LEGO brick images v1\32123 half Bush\201706171506-0240.png = ..\LEGO brick images v1\32123 half Bush\201706171506-0240.png
		..\LEGO brick images v1\32123 half Bush\201706171506-0241.png = ..\LEGO brick images v1\32123 half Bush\201706171506-0241.png
		..\LEGO brick images v1\32123 half Bush\201706171506-0242.png = ..\LEGO brick images v1\32123 half Bush\201706171506-0242.png
		..\LEGO brick images v1\32123 half Bush\201706171506-0243.png = ..\LEGO brick images v1\32123 half Bush\201706171506-0243.png
		..\LEGO brick images v1\32123 half Bush\201706171506-0244.png = ..\LEGO brick images v1\32123 half Bush\201706171506-0244.png
		..\LEGO brick images v1\32123 half Bush\201706171506-0245.png = ..\LEGO brick images v1\32123 half Bush\201706171506-0245.png
		..\LEGO brick images v1\32123 half Bush\201706171506-0246.png = ..\LEGO brick images v1\32123 half Bush\201706171506-0246.png
		..\LEGO brick images v1\32123 half Bush\201706171506-0247.png = ..\LEGO brick images v1\32123 half Bush\201706171506-0247.png
		..\LEGO brick images v1\32123 half Bush\201706171506-0248.png = ..\LEGO brick images v1\32123 half Bush\201706171506-0248.png
		..\LEGO brick images v1\32123 half Bush\201706171506-0249.png = ..\LEGO brick images v1\32123 half Bush\201706171506-0249.png
		..\LEGO brick images v1\32123 half Bush\201706171506-0250.png = ..\LEGO brick images v1\32123 half Bush\201706171506-0250.png
		..\LEGO brick images v1\32123 half Bush\201706171506-0251.png = ..\LEGO brick images v1\32123 half Bush\201706171506-0251.png
		..\LEGO brick images v1\32123 half Bush\201706171506-0252.png = ..\LEGO brick images v1\32123 half Bush\201706171506-0252.png
		..\LEGO brick images v1\32123 half Bush\201706171506-0253.png = ..\LEGO brick images v1\32123 half Bush\201706171506-0253.png
		..\LEGO brick images v1\32123 half Bush\201706171506-0254.png = ..\LEGO brick images v1\32123 half Bush\201706171506-0254.png
		..\LEGO brick images v1\32123 half Bush\201706171506-0255.png = ..\LEGO brick images v1\32123 half Bush\201706171506-0255.png
		..\LEGO brick images v1\32123 half Bush\201706171506-0256.png = ..\LEGO brick images v1\32123 half Bush\201706171506-0256.png
		..\LEGO brick images v1\32123 half Bush\201706171506-0257.png = ..\LEGO brick images v1\32123 half Bush\201706171506-0257.png
		..\LEGO brick images v1\32123 half Bush\201706171506-0258.png = ..\LEGO brick images v1\32123 half Bush\201706171506-0258.png
		..\LEGO brick images v1\32123 half Bush\201706171506-0259.png = ..\LEGO brick images v1\32123 half Bush\201706171506-0259.png
		..\LEGO brick images v1\32123 half Bush\201706171506-0260.png = ..\LEGO brick images v1\32123 half Bush\201706171506-0260.png
		..\LEGO brick images v1\32123 half Bush\201706171506-0261.png = ..\LEGO brick images v1\32123 half Bush\201706171506-0261.png
		..\LEGO brick images v1\32123 half Bush\201706171506-0262.png = ..\LEGO brick images v1\32123 half Bush\201706171506-0262.png
		..\LEGO brick images v1\32123 half Bush\201706171506-0263.png = ..\LEGO brick images v1\32123 half Bush\201706171506-0263.png
		..\LEGO brick images v1\32123 half Bush\201706171506-0264.png = ..\LEGO brick images v1\32123 half Bush\201706171506-0264.png
		..\LEGO brick images v1\32123 half Bush\201706171506-0265.png = ..\LEGO brick images v1\32123 half Bush\201706171506-0265.png
		..\LEGO brick images v1\32123 half Bush\201706171506-0266.png = ..\LEGO brick images v1\32123 half Bush\201706171506-0266.png
		..\LEGO brick images v1\32123 half Bush\201706171506-0267.png = ..\LEGO brick images v1\32123 half Bush\201706171506-0267.png
		..\LEGO brick images v1\32123 half Bush\201706171506-0268.png = ..\LEGO brick images v1\32123 half Bush\201706171506-0268.png
		..\LEGO brick images v1\32123 half Bush\201706171506-0269.png = ..\LEGO brick images v1\32123 half Bush\201706171506-0269.png
		..\LEGO brick images v1\32123 half Bush\201706171506-0270.png = ..\LEGO brick images v1\32123 half Bush\201706171506-0270.png
		..\LEGO brick images v1\32123 half Bush\201706171506-0271.png = ..\LEGO brick images v1\32123 half Bush\201706171506-0271.png
		..\LEGO brick images v1\32123 half Bush\201706171506-0272.png = ..\LEGO brick images v1\32123 half Bush\201706171506-0272.png
		..\LEGO brick images v1\32123 half Bush\201706171506-0273.png = ..\LEGO brick images v1\32123 half Bush\201706171506-0273.png
		..\LEGO brick images v1\32123 half Bush\201706171506-0274.png = ..\LEGO brick images v1\32123 half Bush\201706171506-0274.png
		..\LEGO brick images v1\32123 half Bush\201706171506-0275.png = ..\LEGO brick images v1\32123 half Bush\201706171506-0275.png
		..\LEGO brick images v1\32123 half Bush\201706171506-0276.png = ..\LEGO brick images v1\32123 half Bush\201706171506-0276.png
		..\LEGO brick images v1\32123 half Bush\201706171506-0277.png = ..\LEGO brick images v1\32123 half Bush\201706171506-0277.png
		..\LEGO brick images v1\32123 half Bush\201706171506-0278.png = ..\LEGO brick images v1\32123 half Bush\201706171506-0278.png
		..\LEGO brick images v1\32123 half Bush\201706171506-0279.png = ..\LEGO brick images v1\32123 half Bush\201706171506-0279.png
		..\LEGO brick images v1\32123 half Bush\201706171506-0280.png = ..\LEGO brick images v1\32123 half Bush\201706171506-0280.png
		..\LEGO brick images v1\32123 half Bush\201706171506-0281.png = ..\LEGO brick images v1\32123 half Bush\201706171506-0281.png
		..\LEGO brick images v1\32123 half Bush\201706171506-0282.png = ..\LEGO brick images v1\32123 half Bush\201706171506-0282.png
		..\LEGO brick images v1\32123 half Bush\201706171506-0283.png = ..\LEGO brick images v1\32123 half Bush\201706171506-0283.png
		..\LEGO brick images v1\32123 half Bush\201706171506-0284.png = ..\LEGO brick images v1\32123 half Bush\201706171506-0284.png
		..\LEGO brick images v1\32123 half Bush\201706171506-0285.png = ..\LEGO brick images v1\32123 half Bush\201706171506-0285.png
		..\LEGO brick images v1\32123 half Bush\201706171506-0286.png = ..\LEGO brick images v1\32123 half Bush\201706171506-0286.png
		..\LEGO brick images v1\32123 half Bush\201706171506-0287.png = ..\LEGO brick images v1\32123 half Bush\201706171506-0287.png
		..\LEGO brick images v1\32123 half Bush\201706171506-0288.png = ..\LEGO brick images v1\32123 half Bush\201706171506-0288.png
		..\LEGO brick images v1\32123 half Bush\201706171506-0289.png = ..\LEGO brick images v1\32123 half Bush\201706171506-0289.png
		..\LEGO brick images v1\32123 half Bush\201706171506-0290.png = ..\LEGO brick images v1\32123 half Bush\201706171506-0290.png
		..\LEGO brick images v1\32123 half Bush\201706171506-0291.png = ..\LEGO brick images v1\32123 half Bush\201706171506-0291.png
		..\LEGO brick images v1\32123 half Bush\201706171506-0292.png = ..\LEGO brick images v1\32123 half Bush\201706171506-0292.png
		..\LEGO brick images v1\32123 half Bush\201706171506-0293.png = ..\LEGO brick images v1\32123 half Bush\201706171506-0293.png
		..\LEGO brick images v1\32123 half Bush\201706171506-0294.png = ..\LEGO brick images v1\32123 half Bush\201706171506-0294.png
		..\LEGO brick images v1\32123 half Bush\201706171506-0295.png = ..\LEGO brick images v1\32123 half Bush\201706171506-0295.png
		..\LEGO brick images v1\32123 half Bush\201706171506-0296.png = ..\LEGO brick images v1\32123 half Bush\201706171506-0296.png
		..\LEGO brick images v1\32123 half Bush\201706171506-0297.png = ..\LEGO brick images v1\32123 half Bush\201706171506-0297.png
		..\LEGO brick images v1\32123 half Bush\201706171506-0298.png = ..\LEGO brick images v1\32123 half Bush\201706171506-0298.png
		..\LEGO brick images v1\32123 half Bush\201706171506-0299.png = ..\LEGO brick images v1\32123 half Bush\201706171506-0299.png
		..\LEGO brick images v1\32123 half Bush\201706171506-0300.png = ..\LEGO brick images v1\32123 half Bush\201706171506-0300.png
		..\LEGO brick images v1\32123 half Bush\201706171506-0301.png = ..\LEGO brick images v1\32123 half Bush\201706171506-0301.png
		..\LEGO brick images v1\32123 half Bush\201706171506-0302.png = ..\LEGO brick images v1\32123 half Bush\201706171506-0302.png
		..\LEGO brick images v1\32123 half Bush\201706171506-0303.png = ..\LEGO brick images v1\32123 half Bush\201706171506-0303.png
		..\LEGO brick images v1\32123 half Bush\201706171506-0304.png = ..\LEGO brick images v1\32123 half Bush\201706171506-0304.png
		..\LEGO brick images v1\32123 half Bush\201706171506-0305.png = ..\LEGO brick images v1\32123 half Bush\201706171506-0305.png
		..\LEGO brick images v1\32123 half Bush\201706171506-0306.png = ..\LEGO brick images v1\32123 half Bush\201706171506-0306.png
		..\LEGO brick images v1\32123 half Bush\201706171506-0307.png = ..\LEGO brick images v1\32123 half Bush\201706171506-0307.png
		..\LEGO brick images v1\32123 half Bush\201706171506-0308.png = ..\LEGO brick images v1\32123 half Bush\201706171506-0308.png
		..\LEGO brick images v1\32123 half Bush\201706171506-0309.png = ..\LEGO brick images v1\32123 half Bush\201706171506-0309.png
		..\LEGO brick images v1\32123 half Bush\201706171506-0310.png = ..\LEGO brick images v1\32123 half Bush\201706171506-0310.png
		..\LEGO brick images v1\32123 half Bush\201706171506-0311.png = ..\LEGO brick images v1\32123 half Bush\201706171506-0311.png
		..\LEGO brick images v1\32123 half Bush\201706171506-0312.png = ..\LEGO brick images v1\32123 half Bush\201706171506-0312.png
		..\LEGO brick images v1\32123 half Bush\201706171506-0313.png = ..\LEGO brick images v1\32123 half Bush\201706171506-0313.png
		..\LEGO brick images v1\32123 half Bush\201706171506-0314.png = ..\LEGO brick images v1\32123 half Bush\201706171506-0314.png
		..\LEGO brick images v1\32123 half Bush\201706171506-0315.png = ..\LEGO brick images v1\32123 half Bush\201706171506-0315.png
		..\LEGO brick images v1\32123 half Bush\201706171506-0316.png = ..\LEGO brick images v1\32123 half Bush\201706171506-0316.png
		..\LEGO brick images v1\32123 half Bush\201706171506-0317.png = ..\LEGO brick images v1\32123 half Bush\201706171506-0317.png
		..\LEGO brick images v1\32123 half Bush\201706171506-0318.png = ..\LEGO brick images v1\32123 half Bush\201706171506-0318.png
		..\LEGO brick images v1\32123 half Bush\201706171506-0319.png = ..\LEGO brick images v1\32123 half Bush\201706171506-0319.png
		..\LEGO brick images v1\32123 half Bush\201706171506-0320.png = ..\LEGO brick images v1\32123 half Bush\201706171506-0320.png
		..\LEGO brick images v1\32123 half Bush\201706171506-0321.png = ..\LEGO brick images v1\32123 half Bush\201706171506-0321.png
		..\LEGO brick images v1\32123 half Bush\201706171506-0322.png = ..\LEGO brick images v1\32123 half Bush\201706171506-0322.png
		..\LEGO brick images v1\32123 half Bush\201706171506-0323.png = ..\LEGO brick images v1\32123 half Bush\201706171506-0323.png
		..\LEGO brick images v1\32123 half Bush\201706171506-0324.png = ..\LEGO brick images v1\32123 half Bush\201706171506-0324.png
		..\LEGO brick images v1\32123 half Bush\201706171506-0325.png = ..\LEGO brick images v1\32123 half Bush\201706171506-0325.png
		..\LEGO brick images v1\32123 half Bush\201706171506-0326.png = ..\LEGO brick images v1\32123 half Bush\201706171506-0326.png
		..\LEGO brick images v1\32123 half Bush\201706171506-0327.png = ..\LEGO brick images v1\32123 half Bush\201706171506-0327.png
		..\LEGO brick images v1\32123 half Bush\201706171506-0328.png = ..\LEGO brick images v1\32123 half Bush\201706171506-0328.png
		..\LEGO brick images v1\32123 half Bush\201706171506-0329.png = ..\LEGO brick images v1\32123 half Bush\201706171506-0329.png
		..\LEGO brick images v1\32123 half Bush\201706171506-0330.png = ..\LEGO brick images v1\32123 half Bush\201706171506-0330.png
		..\LEGO brick images v1\32123 half Bush\201706171506-0331.png = ..\LEGO brick images v1\32123 half Bush\201706171506-0331.png
		..\LEGO brick images v1\32123 half Bush\201706171506-0332.png = ..\LEGO brick images v1\32123 half Bush\201706171506-0332.png
		..\LEGO brick images v1\32123 half Bush\201706171506-0333.png = ..\LEGO brick images v1\32123 half Bush\201706171506-0333.png
		..\LEGO brick images v1\32123 half Bush\201706171506-0334.png = ..\LEGO brick images v1\32123 half Bush\201706171506-0334.png
		..\LEGO brick images v1\32123 half Bush\201706171506-0335.png = ..\LEGO brick images v1\32123 half Bush\201706171506-0335.png
		..\LEGO brick images v1\32123 half Bush\201706171506-0336.png = ..\LEGO brick images v1\32123 half Bush\201706171506-0336.png
		..\LEGO brick images v1\32123 half Bush\201706171506-0337.png = ..\LEGO brick images v1\32123 half Bush\201706171506-0337.png
		..\LEGO brick images v1\32123 half Bush\201706171506-0338.png = ..\LEGO brick images v1\32123 half Bush\201706171506-0338.png
		..\LEGO brick images v1\32123 half Bush\201706171506-0339.png = ..\LEGO brick images v1\32123 half Bush\201706171506-0339.png
		..\LEGO brick images v1\32123 half Bush\201706171506-0340.png = ..\LEGO brick images v1\32123 half Bush\201706171506-0340.png
		..\LEGO brick images v1\32123 half Bush\201706171506-0341.png = ..\LEGO brick images v1\32123 half Bush\201706171506-0341.png
		..\LEGO brick images v1\32123 half Bush\201706171506-0342.png = ..\LEGO brick images v1\32123 half Bush\201706171506-0342.png
		..\LEGO brick images v1\32123 half Bush\201706171506-0343.png = ..\LEGO brick images v1\32123 half Bush\201706171506-0343.png
		..\LEGO brick images v1\32123 half Bush\201706171506-0344.png = ..\LEGO brick images v1\32123 half Bush\201706171506-0344.png
		..\LEGO brick images v1\32123 half Bush\201706171506-0345.png = ..\LEGO brick images v1\32123 half Bush\201706171506-0345.png
		..\LEGO brick images v1\32123 half Bush\201706171506-0346.png = ..\LEGO brick images v1\32123 half Bush\201706171506-0346.png
		..\LEGO brick images v1\32123 half Bush\201706171506-0347.png = ..\LEGO brick images v1\32123 half Bush\201706171506-0347.png
		..\LEGO brick images v1\32123 half Bush\201706171506-0348.png = ..\LEGO brick images v1\32123 half Bush\201706171506-0348.png
		..\LEGO brick images v1\32123 half Bush\201706171506-0349.png = ..\LEGO brick images v1\32123 half Bush\201706171506-0349.png
		..\LEGO brick images v1\32123 half Bush\201706171506-0350.png = ..\LEGO brick images v1\32123 half Bush\201706171506-0350.png
		..\LEGO brick images v1\32123 half Bush\201706171506-0351.png = ..\LEGO brick images v1\32123 half Bush\201706171506-0351.png
		..\LEGO brick images v1\32123 half Bush\201706171506-0352.png = ..\LEGO brick images v1\32123 half Bush\201706171506-0352.png
		..\LEGO brick images v1\32123 half Bush\201706171506-0353.png = ..\LEGO brick images v1\32123 half Bush\201706171506-0353.png
		..\LEGO brick images v1\32123 half Bush\201706171506-0354.png = ..\LEGO brick images v1\32123 half Bush\201706171506-0354.png
		..\LEGO brick images v1\32123 half Bush\201706171506-0355.png = ..\LEGO brick images v1\32123 half Bush\201706171506-0355.png
		..\LEGO brick images v1\32123 half Bush\201706171506-0356.png = ..\LEGO brick images v1\32123 half Bush\201706171506-0356.png
		..\LEGO brick images v1\32123 half Bush\201706171506-0357.png = ..\LEGO brick images v1\32123 half Bush\201706171506-0357.png
		..\LEGO brick images v1\32123 half Bush\201706171506-0358.png = ..\LEGO brick images v1\32123 half Bush\201706171506-0358.png
		..\LEGO brick images v1\32123 half Bush\201706171506-0359.png = ..\LEGO brick images v1\32123 half Bush\201706171506-0359.png
		..\LEGO brick images v1\32123 half Bush\201706171506-0360.png = ..\LEGO brick images v1\32123 half Bush\201706171506-0360.png
		..\LEGO brick images v1\32123 half Bush\201706171506-0361.png = ..\LEGO brick images v1\32123 half Bush\201706171506-0361.png
		..\LEGO brick images v1\32123 half Bush\201706171506-0362.png = ..\LEGO brick images v1\32123 half Bush\201706171506-0362.png
		..\LEGO brick images v1\32123 half Bush\201706171506-0363.png = ..\LEGO brick images v1\32123 half Bush\201706171506-0363.png
		..\LEGO brick images v1\32123 half Bush\201706171506-0364.png = ..\LEGO brick images v1\32123 half Bush\201706171506-0364.png
		..\LEGO brick images v1\32123 half Bush\201706171506-0365.png = ..\LEGO brick images v1\32123 half Bush\201706171506-0365.png
		..\LEGO brick images v1\32123 half Bush\201706171506-0366.png = ..\LEGO brick images v1\32123 half Bush\201706171506-0366.png
		..\LEGO brick images v1\32123 half Bush\201706171506-0367.png = ..\LEGO brick images v1\32123 half Bush\201706171506-0367.png
		..\LEGO brick images v1\32123 half Bush\201706171506-0368.png = ..\LEGO brick images v1\32123 half Bush\201706171506-0368.png
		..\LEGO brick images v1\32123 half Bush\201706171506-0369.png = ..\LEGO brick images v1\32123 half Bush\201706171506-0369.png
		..\LEGO brick images v1\32123 half Bush\201706171506-0370.png = ..\LEGO brick images v1\32123 half Bush\201706171506-0370.png
		..\LEGO brick images v1\32123 half Bush\201706171506-0371.png = ..\LEGO brick images v1\32123 half Bush\201706171506-0371.png
		..\LEGO brick images v1\32123 half Bush\201706171506-0372.png = ..\LEGO brick images v1\32123 half Bush\201706171506-0372.png
		..\LEGO brick images v1\32123 half Bush\201706171506-0373.png = ..\LEGO brick images v1\32123 half Bush\201706171506-0373.png
		..\LEGO brick images v1\32123 half Bush\201706171506-0374.png = ..\LEGO brick images v1\32123 half Bush\201706171506-0374.png
		..\LEGO brick images v1\32123 half Bush\201706171506-0375.png = ..\LEGO brick images v1\32123 half Bush\201706171506-0375.png
		..\LEGO brick images v1\32123 half Bush\201706171506-0376.png = ..\LEGO brick images v1\32123 half Bush\201706171506-0376.png
		..\LEGO brick images v1\32123 half Bush\201706171506-0377.png = ..\LEGO brick images v1\32123 half Bush\201706171506-0377.png
		..\LEGO brick images v1\32123 half Bush\201706171506-0378.png = ..\LEGO brick images v1\32123 half Bush\201706171506-0378.png
		..\LEGO brick images v1\32123 half Bush\201706171506-0379.png = ..\LEGO brick images v1\32123 half Bush\201706171506-0379.png
		..\LEGO brick images v1\32123 half Bush\201706171506-0380.png = ..\LEGO brick images v1\32123 half Bush\201706171506-0380.png
		..\LEGO brick images v1\32123 half Bush\201706171506-0381.png = ..\LEGO brick images v1\32123 half Bush\201706171506-0381.png
		..\LEGO brick images v1\32123 half Bush\201706171506-0382.png = ..\LEGO brick images v1\32123 half Bush\201706171506-0382.png
		..\LEGO brick images v1\32123 half Bush\201706171506-0383.png = ..\LEGO brick images v1\32123 half Bush\201706171506-0383.png
		..\LEGO brick images v1\32123 half Bush\201706171506-0384.png = ..\LEGO brick images v1\32123 half Bush\201706171506-0384.png
		..\LEGO brick images v1\32123 half Bush\201706171506-0385.png = ..\LEGO brick images v1\32123 half Bush\201706171506-0385.png
		..\LEGO brick images v1\32123 half Bush\201706171506-0386.png = ..\LEGO brick images v1\32123 half Bush\201706171506-0386.png
		..\LEGO brick images v1\32123 half Bush\201706171506-0387.png = ..\LEGO brick images v1\32123 half Bush\201706171506-0387.png
		..\LEGO brick images v1\32123 half Bush\201706171506-0388.png = ..\LEGO brick images v1\32123 half Bush\201706171506-0388.png
		..\LEGO brick images v1\32123 half Bush\201706171506-0389.png = ..\LEGO brick images v1\32123 half Bush\201706171506-0389.png
		..\LEGO brick images v1\32123 half Bush\201706171506-0390.png = ..\LEGO brick images v1\32123 half Bush\201706171506-0390.png
		..\LEGO brick images v1\32123 half Bush\201706171506-0391.png = ..\LEGO brick images v1\32123 half Bush\201706171506-0391.png
		..\LEGO brick images v1\32123 half Bush\201706171506-0392.png = ..\LEGO brick images v1\32123 half Bush\201706171506-0392.png
		..\LEGO brick images v1\32123 half Bush\201706171506-0393.png = ..\LEGO brick images v1\32123 half Bush\201706171506-0393.png
		..\LEGO brick images v1\32123 half Bush\201706171506-0394.png = ..\LEGO brick images v1\32123 half Bush\201706171506-0394.png
		..\LEGO brick images v1\32123 half Bush\201706171506-0395.png = ..\LEGO brick images v1\32123 half Bush\201706171506-0395.png
		..\LEGO brick images v1\32123 half Bush\201706171506-0396.png = ..\LEGO brick images v1\32123 half Bush\201706171506-0396.png
		..\LEGO brick images v1\32123 half Bush\201706171506-0397.png = ..\LEGO brick images v1\32123 half Bush\201706171506-0397.png
		..\LEGO brick images v1\32123 half Bush\201706171506-0398.png = ..\LEGO brick images v1\32123 half Bush\201706171506-0398.png
		..\LEGO brick images v1\32123 half Bush\201706171506-0399.png = ..\LEGO brick images v1\32123 half Bush\201706171506-0399.png
		..\LEGO brick images v1\32123 half Bush\201706171506-0400.png = ..\LEGO brick images v1\32123 half Bush\201706171506-0400.png
	EndProjectSection
EndProject
Project("{2150E333-8FDC-42A3-9474-1A3956D46DE8}") = "Bricks", "Bricks", "{793195AC-5FA9-4198-BE1C-30B9E2FB6F5C}"
	ProjectSection(SolutionItems) = preProject
		..\LEGO brick images v1\3003 Brick 2x2\0001.png = ..\LEGO brick images v1\3003 Brick 2x2\0001.png
		..\LEGO brick images v1\3003 Brick 2x2\0002.png = ..\LEGO brick images v1\3003 Brick 2x2\0002.png
		..\LEGO brick images v1\3003 Brick 2x2\0003.png = ..\LEGO brick images v1\3003 Brick 2x2\0003.png
		..\LEGO brick images v1\3003 Brick 2x2\0004.png = ..\LEGO brick images v1\3003 Brick 2x2\0004.png
		..\LEGO brick images v1\3003 Brick 2x2\0005.png = ..\LEGO brick images v1\3003 Brick 2x2\0005.png
		..\LEGO brick images v1\3003 Brick 2x2\0006.png = ..\LEGO brick images v1\3003 Brick 2x2\0006.png
		..\LEGO brick images v1\3003 Brick 2x2\0007.png = ..\LEGO brick images v1\3003 Brick 2x2\0007.png
		..\LEGO brick images v1\3003 Brick 2x2\0008.png = ..\LEGO brick images v1\3003 Brick 2x2\0008.png
		..\LEGO brick images v1\3003 Brick 2x2\0009.png = ..\LEGO brick images v1\3003 Brick 2x2\0009.png
		..\LEGO brick images v1\3003 Brick 2x2\0010.png = ..\LEGO brick images v1\3003 Brick 2x2\0010.png
		..\LEGO brick images v1\3003 Brick 2x2\0011.png = ..\LEGO brick images v1\3003 Brick 2x2\0011.png
		..\LEGO brick images v1\3003 Brick 2x2\0012.png = ..\LEGO brick images v1\3003 Brick 2x2\0012.png
		..\LEGO brick images v1\3003 Brick 2x2\0013.png = ..\LEGO brick images v1\3003 Brick 2x2\0013.png
		..\LEGO brick images v1\3003 Brick 2x2\0014.png = ..\LEGO brick images v1\3003 Brick 2x2\0014.png
		..\LEGO brick images v1\3003 Brick 2x2\0015.png = ..\LEGO brick images v1\3003 Brick 2x2\0015.png
		..\LEGO brick images v1\3003 Brick 2x2\0016.png = ..\LEGO brick images v1\3003 Brick 2x2\0016.png
		..\LEGO brick images v1\3003 Brick 2x2\0017.png = ..\LEGO brick images v1\3003 Brick 2x2\0017.png
		..\LEGO brick images v1\3003 Brick 2x2\0018.png = ..\LEGO brick images v1\3003 Brick 2x2\0018.png
		..\LEGO brick images v1\3003 Brick 2x2\0019.png = ..\LEGO brick images v1\3003 Brick 2x2\0019.png
		..\LEGO brick images v1\3003 Brick 2x2\0020.png = ..\LEGO brick images v1\3003 Brick 2x2\0020.png
		..\LEGO brick images v1\3003 Brick 2x2\0021.png = ..\LEGO brick images v1\3003 Brick 2x2\0021.png
		..\LEGO brick images v1\3003 Brick 2x2\0022.png = ..\LEGO brick images v1\3003 Brick 2x2\0022.png
		..\LEGO brick images v1\3003 Brick 2x2\0023.png = ..\LEGO brick images v1\3003 Brick 2x2\0023.png
		..\LEGO brick images v1\3003 Brick 2x2\0024.png = ..\LEGO brick images v1\3003 Brick 2x2\0024.png
		..\LEGO brick images v1\3003 Brick 2x2\0025.png = ..\LEGO brick images v1\3003 Brick 2x2\0025.png
		..\LEGO brick images v1\3003 Brick 2x2\0026.png = ..\LEGO brick images v1\3003 Brick 2x2\0026.png
		..\LEGO brick images v1\3003 Brick 2x2\0027.png = ..\LEGO brick images v1\3003 Brick 2x2\0027.png
		..\LEGO brick images v1\3003 Brick 2x2\0028.png = ..\LEGO brick images v1\3003 Brick 2x2\0028.png
		..\LEGO brick images v1\3003 Brick 2x2\0029.png = ..\LEGO brick images v1\3003 Brick 2x2\0029.png
		..\LEGO brick images v1\3003 Brick 2x2\0030.png = ..\LEGO brick images v1\3003 Brick 2x2\0030.png
		..\LEGO brick images v1\3003 Brick 2x2\0031.png = ..\LEGO brick images v1\3003 Brick 2x2\0031.png
		..\LEGO brick images v1\3003 Brick 2x2\0032.png = ..\LEGO brick images v1\3003 Brick 2x2\0032.png
		..\LEGO brick images v1\3003 Brick 2x2\0033.png = ..\LEGO brick images v1\3003 Brick 2x2\0033.png
		..\LEGO brick images v1\3003 Brick 2x2\0034.png = ..\LEGO brick images v1\3003 Brick 2x2\0034.png
		..\LEGO brick images v1\3003 Brick 2x2\0035.png = ..\LEGO brick images v1\3003 Brick 2x2\0035.png
		..\LEGO brick images v1\3003 Brick 2x2\0036.png = ..\LEGO brick images v1\3003 Brick 2x2\0036.png
		..\LEGO brick images v1\3003 Brick 2x2\0037.png = ..\LEGO brick images v1\3003 Brick 2x2\0037.png
		..\LEGO brick images v1\3003 Brick 2x2\0038.png = ..\LEGO brick images v1\3003 Brick 2x2\0038.png
		..\LEGO brick images v1\3003 Brick 2x2\0039.png = ..\LEGO brick images v1\3003 Brick 2x2\0039.png
		..\LEGO brick images v1\3003 Brick 2x2\0040.png = ..\LEGO brick images v1\3003 Brick 2x2\0040.png
		..\LEGO brick images v1\3003 Brick 2x2\0041.png = ..\LEGO brick images v1\3003 Brick 2x2\0041.png
		..\LEGO brick images v1\3003 Brick 2x2\0042.png = ..\LEGO brick images v1\3003 Brick 2x2\0042.png
		..\LEGO brick images v1\3003 Brick 2x2\0043.png = ..\LEGO brick images v1\3003 Brick 2x2\0043.png
		..\LEGO brick images v1\3003 Brick 2x2\0044.png = ..\LEGO brick images v1\3003 Brick 2x2\0044.png
		..\LEGO brick images v1\3003 Brick 2x2\0045.png = ..\LEGO brick images v1\3003 Brick 2x2\0045.png
		..\LEGO brick images v1\3003 Brick 2x2\0046.png = ..\LEGO brick images v1\3003 Brick 2x2\0046.png
		..\LEGO brick images v1\3003 Brick 2x2\0047.png = ..\LEGO brick images v1\3003 Brick 2x2\0047.png
		..\LEGO brick images v1\3003 Brick 2x2\0048.png = ..\LEGO brick images v1\3003 Brick 2x2\0048.png
		..\LEGO brick images v1\3003 Brick 2x2\0049.png = ..\LEGO brick images v1\3003 Brick 2x2\0049.png
		..\LEGO brick images v1\3003 Brick 2x2\0050.png = ..\LEGO brick images v1\3003 Brick 2x2\0050.png
		..\LEGO brick images v1\3003 Brick 2x2\0051.png = ..\LEGO brick images v1\3003 Brick 2x2\0051.png
		..\LEGO brick images v1\3003 Brick 2x2\0052.png = ..\LEGO brick images v1\3003 Brick 2x2\0052.png
		..\LEGO brick images v1\3003 Brick 2x2\0053.png = ..\LEGO brick images v1\3003 Brick 2x2\0053.png
		..\LEGO brick images v1\3003 Brick 2x2\0054.png = ..\LEGO brick images v1\3003 Brick 2x2\0054.png
		..\LEGO brick images v1\3003 Brick 2x2\0055.png = ..\LEGO brick images v1\3003 Brick 2x2\0055.png
		..\LEGO brick images v1\3003 Brick 2x2\0056.png = ..\LEGO brick images v1\3003 Brick 2x2\0056.png
		..\LEGO brick images v1\3003 Brick 2x2\0057.png = ..\LEGO brick images v1\3003 Brick 2x2\0057.png
		..\LEGO brick images v1\3003 Brick 2x2\0058.png = ..\LEGO brick images v1\3003 Brick 2x2\0058.png
		..\LEGO brick images v1\3003 Brick 2x2\0059.png = ..\LEGO brick images v1\3003 Brick 2x2\0059.png
		..\LEGO brick images v1\3003 Brick 2x2\0060.png = ..\LEGO brick images v1\3003 Brick 2x2\0060.png
		..\LEGO brick images v1\3003 Brick 2x2\0061.png = ..\LEGO brick images v1\3003 Brick 2x2\0061.png
		..\LEGO brick images v1\3003 Brick 2x2\0062.png = ..\LEGO brick images v1\3003 Brick 2x2\0062.png
		..\LEGO brick images v1\3003 Brick 2x2\0063.png = ..\LEGO brick images v1\3003 Brick 2x2\0063.png
		..\LEGO brick images v1\3003 Brick 2x2\0064.png = ..\LEGO brick images v1\3003 Brick 2x2\0064.png
		..\LEGO brick images v1\3003 Brick 2x2\0065.png = ..\LEGO brick images v1\3003 Brick 2x2\0065.png
		..\LEGO brick images v1\3003 Brick 2x2\0066.png = ..\LEGO brick images v1\3003 Brick 2x2\0066.png
		..\LEGO brick images v1\3003 Brick 2x2\0067.png = ..\LEGO brick images v1\3003 Brick 2x2\0067.png
		..\LEGO brick images v1\3003 Brick 2x2\0068.png = ..\LEGO brick images v1\3003 Brick 2x2\0068.png
		..\LEGO brick images v1\3003 Brick 2x2\0069.png = ..\LEGO brick images v1\3003 Brick 2x2\0069.png
		..\LEGO brick images v1\3003 Brick 2x2\0070.png = ..\LEGO brick images v1\3003 Brick 2x2\0070.png
		..\LEGO brick images v1\3003 Brick 2x2\0071.png = ..\LEGO brick images v1\3003 Brick 2x2\0071.png
		..\LEGO brick images v1\3003 Brick 2x2\0072.png = ..\LEGO brick images v1\3003 Brick 2x2\0072.png
		..\LEGO brick images v1\3003 Brick 2x2\0073.png = ..\LEGO brick images v1\3003 Brick 2x2\0073.png
		..\LEGO brick images v1\3003 Brick 2x2\0074.png = ..\LEGO brick images v1\3003 Brick 2x2\0074.png
		..\LEGO brick images v1\3003 Brick 2x2\0075.png = ..\LEGO brick images v1\3003 Brick 2x2\0075.png
		..\LEGO brick images v1\3003 Brick 2x2\0076.png = ..\LEGO brick images v1\3003 Brick 2x2\0076.png
		..\LEGO brick images v1\3003 Brick 2x2\0077.png = ..\LEGO brick images v1\3003 Brick 2x2\0077.png
		..\LEGO brick images v1\3003 Brick 2x2\0078.png = ..\LEGO brick images v1\3003 Brick 2x2\0078.png
		..\LEGO brick images v1\3003 Brick 2x2\0079.png = ..\LEGO brick images v1\3003 Brick 2x2\0079.png
		..\LEGO brick images v1\3003 Brick 2x2\0080.png = ..\LEGO brick images v1\3003 Brick 2x2\0080.png
		..\LEGO brick images v1\3003 Brick 2x2\0081.png = ..\LEGO brick images v1\3003 Brick 2x2\0081.png
		..\LEGO brick images v1\3003 Brick 2x2\0082.png = ..\LEGO brick images v1\3003 Brick 2x2\0082.png
		..\LEGO brick images v1\3003 Brick 2x2\0083.png = ..\LEGO brick images v1\3003 Brick 2x2\0083.png
		..\LEGO brick images v1\3003 Brick 2x2\0084.png = ..\LEGO brick images v1\3003 Brick 2x2\0084.png
		..\LEGO brick images v1\3003 Brick 2x2\0085.png = ..\LEGO brick images v1\3003 Brick 2x2\0085.png
		..\LEGO brick images v1\3003 Brick 2x2\0086.png = ..\LEGO brick images v1\3003 Brick 2x2\0086.png
		..\LEGO brick images v1\3003 Brick 2x2\0087.png = ..\LEGO brick images v1\3003 Brick 2x2\0087.png
		..\LEGO brick images v1\3003 Brick 2x2\0088.png = ..\LEGO brick images v1\3003 Brick 2x2\0088.png
		..\LEGO brick images v1\3003 Brick 2x2\0089.png = ..\LEGO brick images v1\3003 Brick 2x2\0089.png
		..\LEGO brick images v1\3003 Brick 2x2\0090.png = ..\LEGO brick images v1\3003 Brick 2x2\0090.png
		..\LEGO brick images v1\3003 Brick 2x2\0091.png = ..\LEGO brick images v1\3003 Brick 2x2\0091.png
		..\LEGO brick images v1\3003 Brick 2x2\0092.png = ..\LEGO brick images v1\3003 Brick 2x2\0092.png
		..\LEGO brick images v1\3003 Brick 2x2\0093.png = ..\LEGO brick images v1\3003 Brick 2x2\0093.png
		..\LEGO brick images v1\3003 Brick 2x2\0094.png = ..\LEGO brick images v1\3003 Brick 2x2\0094.png
		..\LEGO brick images v1\3003 Brick 2x2\0095.png = ..\LEGO brick images v1\3003 Brick 2x2\0095.png
		..\LEGO brick images v1\3003 Brick 2x2\0096.png = ..\LEGO brick images v1\3003 Brick 2x2\0096.png
		..\LEGO brick images v1\3003 Brick 2x2\0097.png = ..\LEGO brick images v1\3003 Brick 2x2\0097.png
		..\LEGO brick images v1\3003 Brick 2x2\0098.png = ..\LEGO brick images v1\3003 Brick 2x2\0098.png
		..\LEGO brick images v1\3003 Brick 2x2\0099.png = ..\LEGO brick images v1\3003 Brick 2x2\0099.png
		..\LEGO brick images v1\3003 Brick 2x2\0100.png = ..\LEGO brick images v1\3003 Brick 2x2\0100.png
		..\LEGO brick images v1\3003 Brick 2x2\0101.png = ..\LEGO brick images v1\3003 Brick 2x2\0101.png
		..\LEGO brick images v1\3003 Brick 2x2\0102.png = ..\LEGO brick images v1\3003 Brick 2x2\0102.png
		..\LEGO brick images v1\3003 Brick 2x2\0103.png = ..\LEGO brick images v1\3003 Brick 2x2\0103.png
		..\LEGO brick images v1\3003 Brick 2x2\0104.png = ..\LEGO brick images v1\3003 Brick 2x2\0104.png
		..\LEGO brick images v1\3003 Brick 2x2\0105.png = ..\LEGO brick images v1\3003 Brick 2x2\0105.png
		..\LEGO brick images v1\3003 Brick 2x2\0106.png = ..\LEGO brick images v1\3003 Brick 2x2\0106.png
		..\LEGO brick images v1\3003 Brick 2x2\0107.png = ..\LEGO brick images v1\3003 Brick 2x2\0107.png
		..\LEGO brick images v1\3003 Brick 2x2\0108.png = ..\LEGO brick images v1\3003 Brick 2x2\0108.png
		..\LEGO brick images v1\3003 Brick 2x2\0109.png = ..\LEGO brick images v1\3003 Brick 2x2\0109.png
		..\LEGO brick images v1\3003 Brick 2x2\0110.png = ..\LEGO brick images v1\3003 Brick 2x2\0110.png
		..\LEGO brick images v1\3003 Brick 2x2\0111.png = ..\LEGO brick images v1\3003 Brick 2x2\0111.png
		..\LEGO brick images v1\3003 Brick 2x2\0112.png = ..\LEGO brick images v1\3003 Brick 2x2\0112.png
		..\LEGO brick images v1\3003 Brick 2x2\0113.png = ..\LEGO brick images v1\3003 Brick 2x2\0113.png
		..\LEGO brick images v1\3003 Brick 2x2\0114.png = ..\LEGO brick images v1\3003 Brick 2x2\0114.png
		..\LEGO brick images v1\3003 Brick 2x2\0115.png = ..\LEGO brick images v1\3003 Brick 2x2\0115.png
		..\LEGO brick images v1\3003 Brick 2x2\0116.png = ..\LEGO brick images v1\3003 Brick 2x2\0116.png
		..\LEGO brick images v1\3003 Brick 2x2\0117.png = ..\LEGO brick images v1\3003 Brick 2x2\0117.png
		..\LEGO brick images v1\3003 Brick 2x2\0118.png = ..\LEGO brick images v1\3003 Brick 2x2\0118.png
		..\LEGO brick images v1\3003 Brick 2x2\0119.png = ..\LEGO brick images v1\3003 Brick 2x2\0119.png
		..\LEGO brick images v1\3003 Brick 2x2\0120.png = ..\LEGO brick images v1\3003 Brick 2x2\0120.png
		..\LEGO brick images v1\3003 Brick 2x2\0121.png = ..\LEGO brick images v1\3003 Brick 2x2\0121.png
		..\LEGO brick images v1\3003 Brick 2x2\0122.png = ..\LEGO brick images v1\3003 Brick 2x2\0122.png
		..\LEGO brick images v1\3003 Brick 2x2\0123.png = ..\LEGO brick images v1\3003 Brick 2x2\0123.png
		..\LEGO brick images v1\3003 Brick 2x2\0124.png = ..\LEGO brick images v1\3003 Brick 2x2\0124.png
		..\LEGO brick images v1\3003 Brick 2x2\0125.png = ..\LEGO brick images v1\3003 Brick 2x2\0125.png
		..\LEGO brick images v1\3003 Brick 2x2\0126.png = ..\LEGO brick images v1\3003 Brick 2x2\0126.png
		..\LEGO brick images v1\3003 Brick 2x2\0127.png = ..\LEGO brick images v1\3003 Brick 2x2\0127.png
		..\LEGO brick images v1\3003 Brick 2x2\0128.png = ..\LEGO brick images v1\3003 Brick 2x2\0128.png
		..\LEGO brick images v1\3003 Brick 2x2\0129.png = ..\LEGO brick images v1\3003 Brick 2x2\0129.png
		..\LEGO brick images v1\3003 Brick 2x2\0130.png = ..\LEGO brick images v1\3003 Brick 2x2\0130.png
		..\LEGO brick images v1\3003 Brick 2x2\0131.png = ..\LEGO brick images v1\3003 Brick 2x2\0131.png
		..\LEGO brick images v1\3003 Brick 2x2\0132.png = ..\LEGO brick images v1\3003 Brick 2x2\0132.png
		..\LEGO brick images v1\3003 Brick 2x2\0133.png = ..\LEGO brick images v1\3003 Brick 2x2\0133.png
		..\LEGO brick images v1\3003 Brick 2x2\0134.png = ..\LEGO brick images v1\3003 Brick 2x2\0134.png
		..\LEGO brick images v1\3003 Brick 2x2\0135.png = ..\LEGO brick images v1\3003 Brick 2x2\0135.png
		..\LEGO brick images v1\3003 Brick 2x2\0136.png = ..\LEGO brick images v1\3003 Brick 2x2\0136.png
		..\LEGO brick images v1\3003 Brick 2x2\0137.png = ..\LEGO brick images v1\3003 Brick 2x2\0137.png
		..\LEGO brick images v1\3003 Brick 2x2\0138.png = ..\LEGO brick images v1\3003 Brick 2x2\0138.png
		..\LEGO brick images v1\3003 Brick 2x2\0139.png = ..\LEGO brick images v1\3003 Brick 2x2\0139.png
		..\LEGO brick images v1\3003 Brick 2x2\0140.png = ..\LEGO brick images v1\3003 Brick 2x2\0140.png
		..\LEGO brick images v1\3003 Brick 2x2\0141.png = ..\LEGO brick images v1\3003 Brick 2x2\0141.png
		..\LEGO brick images v1\3003 Brick 2x2\0142.png = ..\LEGO brick images v1\3003 Brick 2x2\0142.png
		..\LEGO brick images v1\3003 Brick 2x2\0143.png = ..\LEGO brick images v1\3003 Brick 2x2\0143.png
		..\LEGO brick images v1\3003 Brick 2x2\0144.png = ..\LEGO brick images v1\3003 Brick 2x2\0144.png
		..\LEGO brick images v1\3003 Brick 2x2\0145.png = ..\LEGO brick images v1\3003 Brick 2x2\0145.png
		..\LEGO brick images v1\3003 Brick 2x2\0146.png = ..\LEGO brick images v1\3003 Brick 2x2\0146.png
		..\LEGO brick images v1\3003 Brick 2x2\0147.png = ..\LEGO brick images v1\3003 Brick 2x2\0147.png
		..\LEGO brick images v1\3003 Brick 2x2\0148.png = ..\LEGO brick images v1\3003 Brick 2x2\0148.png
		..\LEGO brick images v1\3003 Brick 2x2\0149.png = ..\LEGO brick images v1\3003 Brick 2x2\0149.png
		..\LEGO brick images v1\3003 Brick 2x2\0150.png = ..\LEGO brick images v1\3003 Brick 2x2\0150.png
		..\LEGO brick images v1\3003 Brick 2x2\0151.png = ..\LEGO brick images v1\3003 Brick 2x2\0151.png
		..\LEGO brick images v1\3003 Brick 2x2\0152.png = ..\LEGO brick images v1\3003 Brick 2x2\0152.png
		..\LEGO brick images v1\3003 Brick 2x2\0153.png = ..\LEGO brick images v1\3003 Brick 2x2\0153.png
		..\LEGO brick images v1\3003 Brick 2x2\0154.png = ..\LEGO brick images v1\3003 Brick 2x2\0154.png
		..\LEGO brick images v1\3003 Brick 2x2\0155.png = ..\LEGO brick images v1\3003 Brick 2x2\0155.png
		..\LEGO brick images v1\3003 Brick 2x2\0156.png = ..\LEGO brick images v1\3003 Brick 2x2\0156.png
		..\LEGO brick images v1\3003 Brick 2x2\0157.png = ..\LEGO brick images v1\3003 Brick 2x2\0157.png
		..\LEGO brick images v1\3003 Brick 2x2\0158.png = ..\LEGO brick images v1\3003 Brick 2x2\0158.png
		..\LEGO brick images v1\3003 Brick 2x2\0159.png = ..\LEGO brick images v1\3003 Brick 2x2\0159.png
		..\LEGO brick images v1\3003 Brick 2x2\0160.png = ..\LEGO brick images v1\3003 Brick 2x2\0160.png
		..\LEGO brick images v1\3003 Brick 2x2\0161.png = ..\LEGO brick images v1\3003 Brick 2x2\0161.png
		..\LEGO brick images v1\3003 Brick 2x2\0162.png = ..\LEGO brick images v1\3003 Brick 2x2\0162.png
		..\LEGO brick images v1\3003 Brick 2x2\0163.png = ..\LEGO brick images v1\3003 Brick 2x2\0163.png
		..\LEGO brick images v1\3003 Brick 2x2\0164.png = ..\LEGO brick images v1\3003 Brick 2x2\0164.png
		..\LEGO brick images v1\3003 Brick 2x2\0165.png = ..\LEGO brick images v1\3003 Brick 2x2\0165.png
		..\LEGO brick images v1\3003 Brick 2x2\0166.png = ..\LEGO brick images v1\3003 Brick 2x2\0166.png
		..\LEGO brick images v1\3003 Brick 2x2\0167.png = ..\LEGO brick images v1\3003 Brick 2x2\0167.png
		..\LEGO brick images v1\3003 Brick 2x2\0168.png = ..\LEGO brick images v1\3003 Brick 2x2\0168.png
		..\LEGO brick images v1\3003 Brick 2x2\0169.png = ..\LEGO brick images v1\3003 Brick 2x2\0169.png
		..\LEGO brick images v1\3003 Brick 2x2\0170.png = ..\LEGO brick images v1\3003 Brick 2x2\0170.png
		..\LEGO brick images v1\3003 Brick 2x2\0171.png = ..\LEGO brick images v1\3003 Brick 2x2\0171.png
		..\LEGO brick images v1\3003 Brick 2x2\0172.png = ..\LEGO brick images v1\3003 Brick 2x2\0172.png
		..\LEGO brick images v1\3003 Brick 2x2\0173.png = ..\LEGO brick images v1\3003 Brick 2x2\0173.png
		..\LEGO brick images v1\3003 Brick 2x2\0174.png = ..\LEGO brick images v1\3003 Brick 2x2\0174.png
		..\LEGO brick images v1\3003 Brick 2x2\0175.png = ..\LEGO brick images v1\3003 Brick 2x2\0175.png
		..\LEGO brick images v1\3003 Brick 2x2\0176.png = ..\LEGO brick images v1\3003 Brick 2x2\0176.png
		..\LEGO brick images v1\3003 Brick 2x2\0177.png = ..\LEGO brick images v1\3003 Brick 2x2\0177.png
		..\LEGO brick images v1\3003 Brick 2x2\0178.png = ..\LEGO brick images v1\3003 Brick 2x2\0178.png
		..\LEGO brick images v1\3003 Brick 2x2\0179.png = ..\LEGO brick images v1\3003 Brick 2x2\0179.png
		..\LEGO brick images v1\3003 Brick 2x2\0180.png = ..\LEGO brick images v1\3003 Brick 2x2\0180.png
		..\LEGO brick images v1\3003 Brick 2x2\0181.png = ..\LEGO brick images v1\3003 Brick 2x2\0181.png
		..\LEGO brick images v1\3003 Brick 2x2\0182.png = ..\LEGO brick images v1\3003 Brick 2x2\0182.png
		..\LEGO brick images v1\3003 Brick 2x2\0183.png = ..\LEGO brick images v1\3003 Brick 2x2\0183.png
		..\LEGO brick images v1\3003 Brick 2x2\0184.png = ..\LEGO brick images v1\3003 Brick 2x2\0184.png
		..\LEGO brick images v1\3003 Brick 2x2\0185.png = ..\LEGO brick images v1\3003 Brick 2x2\0185.png
		..\LEGO brick images v1\3003 Brick 2x2\0186.png = ..\LEGO brick images v1\3003 Brick 2x2\0186.png
		..\LEGO brick images v1\3003 Brick 2x2\0187.png = ..\LEGO brick images v1\3003 Brick 2x2\0187.png
		..\LEGO brick images v1\3003 Brick 2x2\0188.png = ..\LEGO brick images v1\3003 Brick 2x2\0188.png
		..\LEGO brick images v1\3003 Brick 2x2\0189.png = ..\LEGO brick images v1\3003 Brick 2x2\0189.png
		..\LEGO brick images v1\3003 Brick 2x2\0190.png = ..\LEGO brick images v1\3003 Brick 2x2\0190.png
		..\LEGO brick images v1\3003 Brick 2x2\0191.png = ..\LEGO brick images v1\3003 Brick 2x2\0191.png
		..\LEGO brick images v1\3003 Brick 2x2\0192.png = ..\LEGO brick images v1\3003 Brick 2x2\0192.png
		..\LEGO brick images v1\3003 Brick 2x2\0193.png = ..\LEGO brick images v1\3003 Brick 2x2\0193.png
		..\LEGO brick images v1\3003 Brick 2x2\0194.png = ..\LEGO brick images v1\3003 Brick 2x2\0194.png
		..\LEGO brick images v1\3003 Brick 2x2\0195.png = ..\LEGO brick images v1\3003 Brick 2x2\0195.png
		..\LEGO brick images v1\3003 Brick 2x2\0196.png = ..\LEGO brick images v1\3003 Brick 2x2\0196.png
		..\LEGO brick images v1\3003 Brick 2x2\0197.png = ..\LEGO brick images v1\3003 Brick 2x2\0197.png
		..\LEGO brick images v1\3003 Brick 2x2\0198.png = ..\LEGO brick images v1\3003 Brick 2x2\0198.png
		..\LEGO brick images v1\3003 Brick 2x2\0199.png = ..\LEGO brick images v1\3003 Brick 2x2\0199.png
		..\LEGO brick images v1\3003 Brick 2x2\0200.png = ..\LEGO brick images v1\3003 Brick 2x2\0200.png
		..\LEGO brick images v1\3003 Brick 2x2\0201.png = ..\LEGO brick images v1\3003 Brick 2x2\0201.png
		..\LEGO brick images v1\3003 Brick 2x2\0202.png = ..\LEGO brick images v1\3003 Brick 2x2\0202.png
		..\LEGO brick images v1\3003 Brick 2x2\0203.png = ..\LEGO brick images v1\3003 Brick 2x2\0203.png
		..\LEGO brick images v1\3003 Brick 2x2\0204.png = ..\LEGO brick images v1\3003 Brick 2x2\0204.png
		..\LEGO brick images v1\3003 Brick 2x2\0205.png = ..\LEGO brick images v1\3003 Brick 2x2\0205.png
		..\LEGO brick images v1\3003 Brick 2x2\0206.png = ..\LEGO brick images v1\3003 Brick 2x2\0206.png
		..\LEGO brick images v1\3003 Brick 2x2\0207.png = ..\LEGO brick images v1\3003 Brick 2x2\0207.png
		..\LEGO brick images v1\3003 Brick 2x2\0208.png = ..\LEGO brick images v1\3003 Brick 2x2\0208.png
		..\LEGO brick images v1\3003 Brick 2x2\0209.png = ..\LEGO brick images v1\3003 Brick 2x2\0209.png
		..\LEGO brick images v1\3003 Brick 2x2\0210.png = ..\LEGO brick images v1\3003 Brick 2x2\0210.png
		..\LEGO brick images v1\3003 Brick 2x2\0211.png = ..\LEGO brick images v1\3003 Brick 2x2\0211.png
		..\LEGO brick images v1\3003 Brick 2x2\0212.png = ..\LEGO brick images v1\3003 Brick 2x2\0212.png
		..\LEGO brick images v1\3003 Brick 2x2\0213.png = ..\LEGO brick images v1\3003 Brick 2x2\0213.png
		..\LEGO brick images v1\3003 Brick 2x2\0214.png = ..\LEGO brick images v1\3003 Brick 2x2\0214.png
		..\LEGO brick images v1\3003 Brick 2x2\0215.png = ..\LEGO brick images v1\3003 Brick 2x2\0215.png
		..\LEGO brick images v1\3003 Brick 2x2\0216.png = ..\LEGO brick images v1\3003 Brick 2x2\0216.png
		..\LEGO brick images v1\3003 Brick 2x2\0217.png = ..\LEGO brick images v1\3003 Brick 2x2\0217.png
		..\LEGO brick images v1\3003 Brick 2x2\0218.png = ..\LEGO brick images v1\3003 Brick 2x2\0218.png
		..\LEGO brick images v1\3003 Brick 2x2\0219.png = ..\LEGO brick images v1\3003 Brick 2x2\0219.png
		..\LEGO brick images v1\3003 Brick 2x2\0220.png = ..\LEGO brick images v1\3003 Brick 2x2\0220.png
		..\LEGO brick images v1\3003 Brick 2x2\0221.png = ..\LEGO brick images v1\3003 Brick 2x2\0221.png
		..\LEGO brick images v1\3003 Brick 2x2\0222.png = ..\LEGO brick images v1\3003 Brick 2x2\0222.png
		..\LEGO brick images v1\3003 Brick 2x2\0223.png = ..\LEGO brick images v1\3003 Brick 2x2\0223.png
		..\LEGO brick images v1\3003 Brick 2x2\0224.png = ..\LEGO brick images v1\3003 Brick 2x2\0224.png
		..\LEGO brick images v1\3003 Brick 2x2\0225.png = ..\LEGO brick images v1\3003 Brick 2x2\0225.png
		..\LEGO brick images v1\3003 Brick 2x2\0226.png = ..\LEGO brick images v1\3003 Brick 2x2\0226.png
		..\LEGO brick images v1\3003 Brick 2x2\0227.png = ..\LEGO brick images v1\3003 Brick 2x2\0227.png
		..\LEGO brick images v1\3003 Brick 2x2\0228.png = ..\LEGO brick images v1\3003 Brick 2x2\0228.png
		..\LEGO brick images v1\3003 Brick 2x2\0229.png = ..\LEGO brick images v1\3003 Brick 2x2\0229.png
		..\LEGO brick images v1\3003 Brick 2x2\0230.png = ..\LEGO brick images v1\3003 Brick 2x2\0230.png
		..\LEGO brick images v1\3003 Brick 2x2\0231.png = ..\LEGO brick images v1\3003 Brick 2x2\0231.png
		..\LEGO brick images v1\3003 Brick 2x2\0232.png = ..\LEGO brick images v1\3003 Brick 2x2\0232.png
		..\LEGO brick images v1\3003 Brick 2x2\0233.png = ..\LEGO brick images v1\3003 Brick 2x2\0233.png
		..\LEGO brick images v1\3003 Brick 2x2\0234.png = ..\LEGO brick images v1\3003 Brick 2x2\0234.png
		..\LEGO brick images v1\3003 Brick 2x2\0235.png = ..\LEGO brick images v1\3003 Brick 2x2\0235.png
		..\LEGO brick images v1\3003 Brick 2x2\0236.png = ..\LEGO brick images v1\3003 Brick 2x2\0236.png
		..\LEGO brick images v1\3003 Brick 2x2\0237.png = ..\LEGO brick images v1\3003 Brick 2x2\0237.png
		..\LEGO brick images v1\3003 Brick 2x2\0238.png = ..\LEGO brick images v1\3003 Brick 2x2\0238.png
		..\LEGO brick images v1\3003 Brick 2x2\0239.png = ..\LEGO brick images v1\3003 Brick 2x2\0239.png
		..\LEGO brick images v1\3003 Brick 2x2\0240.png = ..\LEGO brick images v1\3003 Brick 2x2\0240.png
		..\LEGO brick images v1\3003 Brick 2x2\0241.png = ..\LEGO brick images v1\3003 Brick 2x2\0241.png
		..\LEGO brick images v1\3003 Brick 2x2\0242.png = ..\LEGO brick images v1\3003 Brick 2x2\0242.png
		..\LEGO brick images v1\3003 Brick 2x2\0243.png = ..\LEGO brick images v1\3003 Brick 2x2\0243.png
		..\LEGO brick images v1\3003 Brick 2x2\0244.png = ..\LEGO brick images v1\3003 Brick 2x2\0244.png
		..\LEGO brick images v1\3003 Brick 2x2\0245.png = ..\LEGO brick images v1\3003 Brick 2x2\0245.png
		..\LEGO brick images v1\3003 Brick 2x2\0246.png = ..\LEGO brick images v1\3003 Brick 2x2\0246.png
		..\LEGO brick images v1\3003 Brick 2x2\0247.png = ..\LEGO brick images v1\3003 Brick 2x2\0247.png
		..\LEGO brick images v1\3003 Brick 2x2\0248.png = ..\LEGO brick images v1\3003 Brick 2x2\0248.png
		..\LEGO brick images v1\3003 Brick 2x2\0249.png = ..\LEGO brick images v1\3003 Brick 2x2\0249.png
		..\LEGO brick images v1\3003 Brick 2x2\0250.png = ..\LEGO brick images v1\3003 Brick 2x2\0250.png
		..\LEGO brick images v1\3003 Brick 2x2\0251.png = ..\LEGO brick images v1\3003 Brick 2x2\0251.png
		..\LEGO brick images v1\3003 Brick 2x2\0252.png = ..\LEGO brick images v1\3003 Brick 2x2\0252.png
		..\LEGO brick images v1\3003 Brick 2x2\0253.png = ..\LEGO brick images v1\3003 Brick 2x2\0253.png
		..\LEGO brick images v1\3003 Brick 2x2\0254.png = ..\LEGO brick images v1\3003 Brick 2x2\0254.png
		..\LEGO brick images v1\3003 Brick 2x2\0255.png = ..\LEGO brick images v1\3003 Brick 2x2\0255.png
		..\LEGO brick images v1\3003 Brick 2x2\0256.png = ..\LEGO brick images v1\3003 Brick 2x2\0256.png
		..\LEGO brick images v1\3003 Brick 2x2\0257.png = ..\LEGO brick images v1\3003 Brick 2x2\0257.png
		..\LEGO brick images v1\3003 Brick 2x2\0258.png = ..\LEGO brick images v1\3003 Brick 2x2\0258.png
		..\LEGO brick images v1\3003 Brick 2x2\0259.png = ..\LEGO brick images v1\3003 Brick 2x2\0259.png
		..\LEGO brick images v1\3003 Brick 2x2\0260.png = ..\LEGO brick images v1\3003 Brick 2x2\0260.png
		..\LEGO brick images v1\3003 Brick 2x2\0261.png = ..\LEGO brick images v1\3003 Brick 2x2\0261.png
		..\LEGO brick images v1\3003 Brick 2x2\0262.png = ..\LEGO brick images v1\3003 Brick 2x2\0262.png
		..\LEGO brick images v1\3003 Brick 2x2\0263.png = ..\LEGO brick images v1\3003 Brick 2x2\0263.png
		..\LEGO brick images v1\3003 Brick 2x2\0264.png = ..\LEGO brick images v1\3003 Brick 2x2\0264.png
		..\LEGO brick images v1\3003 Brick 2x2\0265.png = ..\LEGO brick images v1\3003 Brick 2x2\0265.png
		..\LEGO brick images v1\3003 Brick 2x2\0266.png = ..\LEGO brick images v1\3003 Brick 2x2\0266.png
		..\LEGO brick images v1\3003 Brick 2x2\0267.png = ..\LEGO brick images v1\3003 Brick 2x2\0267.png
		..\LEGO brick images v1\3003 Brick 2x2\0268.png = ..\LEGO brick images v1\3003 Brick 2x2\0268.png
		..\LEGO brick images v1\3003 Brick 2x2\0269.png = ..\LEGO brick images v1\3003 Brick 2x2\0269.png
		..\LEGO brick images v1\3003 Brick 2x2\0270.png = ..\LEGO brick images v1\3003 Brick 2x2\0270.png
		..\LEGO brick images v1\3003 Brick 2x2\0271.png = ..\LEGO brick images v1\3003 Brick 2x2\0271.png
		..\LEGO brick images v1\3003 Brick 2x2\0272.png = ..\LEGO brick images v1\3003 Brick 2x2\0272.png
		..\LEGO brick images v1\3003 Brick 2x2\0273.png = ..\LEGO brick images v1\3003 Brick 2x2\0273.png
		..\LEGO brick images v1\3003 Brick 2x2\0274.png = ..\LEGO brick images v1\3003 Brick 2x2\0274.png
		..\LEGO brick images v1\3003 Brick 2x2\0275.png = ..\LEGO brick images v1\3003 Brick 2x2\0275.png
		..\LEGO brick images v1\3003 Brick 2x2\0276.png = ..\LEGO brick images v1\3003 Brick 2x2\0276.png
		..\LEGO brick images v1\3003 Brick 2x2\0277.png = ..\LEGO brick images v1\3003 Brick 2x2\0277.png
		..\LEGO brick images v1\3003 Brick 2x2\0278.png = ..\LEGO brick images v1\3003 Brick 2x2\0278.png
		..\LEGO brick images v1\3003 Brick 2x2\0279.png = ..\LEGO brick images v1\3003 Brick 2x2\0279.png
		..\LEGO brick images v1\3003 Brick 2x2\0280.png = ..\LEGO brick images v1\3003 Brick 2x2\0280.png
		..\LEGO brick images v1\3003 Brick 2x2\0281.png = ..\LEGO brick images v1\3003 Brick 2x2\0281.png
		..\LEGO brick images v1\3003 Brick 2x2\0282.png = ..\LEGO brick images v1\3003 Brick 2x2\0282.png
		..\LEGO brick images v1\3003 Brick 2x2\0283.png = ..\LEGO brick images v1\3003 Brick 2x2\0283.png
		..\LEGO brick images v1\3003 Brick 2x2\0284.png = ..\LEGO brick images v1\3003 Brick 2x2\0284.png
		..\LEGO brick images v1\3003 Brick 2x2\0285.png = ..\LEGO brick images v1\3003 Brick 2x2\0285.png
		..\LEGO brick images v1\3003 Brick 2x2\0286.png = ..\LEGO brick images v1\3003 Brick 2x2\0286.png
		..\LEGO brick images v1\3003 Brick 2x2\0287.png = ..\LEGO brick images v1\3003 Brick 2x2\0287.png
		..\LEGO brick images v1\3003 Brick 2x2\0288.png = ..\LEGO brick images v1\3003 Brick 2x2\0288.png
		..\LEGO brick images v1\3003 Brick 2x2\0289.png = ..\LEGO brick images v1\3003 Brick 2x2\0289.png
		..\LEGO brick images v1\3003 Brick 2x2\0290.png = ..\LEGO brick images v1\3003 Brick 2x2\0290.png
		..\LEGO brick images v1\3003 Brick 2x2\0291.png = ..\LEGO brick images v1\3003 Brick 2x2\0291.png
		..\LEGO brick images v1\3003 Brick 2x2\0292.png = ..\LEGO brick images v1\3003 Brick 2x2\0292.png
		..\LEGO brick images v1\3003 Brick 2x2\0293.png = ..\LEGO brick images v1\3003 Brick 2x2\0293.png
		..\LEGO brick images v1\3003 Brick 2x2\0294.png = ..\LEGO brick images v1\3003 Brick 2x2\0294.png
		..\LEGO brick images v1\3003 Brick 2x2\0295.png = ..\LEGO brick images v1\3003 Brick 2x2\0295.png
		..\LEGO brick images v1\3003 Brick 2x2\0296.png = ..\LEGO brick images v1\3003 Brick 2x2\0296.png
		..\LEGO brick images v1\3003 Brick 2x2\0297.png = ..\LEGO brick images v1\3003 Brick 2x2\0297.png
		..\LEGO brick images v1\3003 Brick 2x2\0298.png = ..\LEGO brick images v1\3003 Brick 2x2\0298.png
		..\LEGO brick images v1\3003 Brick 2x2\0299.png = ..\LEGO brick images v1\3003 Brick 2x2\0299.png
		..\LEGO brick images v1\3003 Brick 2x2\0300.png = ..\LEGO brick images v1\3003 Brick 2x2\0300.png
		..\LEGO brick images v1\3003 Brick 2x2\0301.png = ..\LEGO brick images v1\3003 Brick 2x2\0301.png
		..\LEGO brick images v1\3003 Brick 2x2\0302.png = ..\LEGO brick images v1\3003 Brick 2x2\0302.png
		..\LEGO brick images v1\3003 Brick 2x2\0303.png = ..\LEGO brick images v1\3003 Brick 2x2\0303.png
		..\LEGO brick images v1\3003 Brick 2x2\0304.png = ..\LEGO brick images v1\3003 Brick 2x2\0304.png
		..\LEGO brick images v1\3003 Brick 2x2\0305.png = ..\LEGO brick images v1\3003 Brick 2x2\0305.png
		..\LEGO brick images v1\3003 Brick 2x2\0306.png = ..\LEGO brick images v1\3003 Brick 2x2\0306.png
		..\LEGO brick images v1\3003 Brick 2x2\0307.png = ..\LEGO brick images v1\3003 Brick 2x2\0307.png
		..\LEGO brick images v1\3003 Brick 2x2\0308.png = ..\LEGO brick images v1\3003 Brick 2x2\0308.png
		..\LEGO brick images v1\3003 Brick 2x2\0309.png = ..\LEGO brick images v1\3003 Brick 2x2\0309.png
		..\LEGO brick images v1\3003 Brick 2x2\0310.png = ..\LEGO brick images v1\3003 Brick 2x2\0310.png
		..\LEGO brick images v1\3003 Brick 2x2\0311.png = ..\LEGO brick images v1\3003 Brick 2x2\0311.png
		..\LEGO brick images v1\3003 Brick 2x2\0312.png = ..\LEGO brick images v1\3003 Brick 2x2\0312.png
		..\LEGO brick images v1\3003 Brick 2x2\0313.png = ..\LEGO brick images v1\3003 Brick 2x2\0313.png
		..\LEGO brick images v1\3003 Brick 2x2\0314.png = ..\LEGO brick images v1\3003 Brick 2x2\0314.png
		..\LEGO brick images v1\3003 Brick 2x2\0315.png = ..\LEGO brick images v1\3003 Brick 2x2\0315.png
		..\LEGO brick images v1\3003 Brick 2x2\0316.png = ..\LEGO brick images v1\3003 Brick 2x2\0316.png
		..\LEGO brick images v1\3003 Brick 2x2\0317.png = ..\LEGO brick images v1\3003 Brick 2x2\0317.png
		..\LEGO brick images v1\3003 Brick 2x2\0318.png = ..\LEGO brick images v1\3003 Brick 2x2\0318.png
		..\LEGO brick images v1\3003 Brick 2x2\0319.png = ..\LEGO brick images v1\3003 Brick 2x2\0319.png
		..\LEGO brick images v1\3003 Brick 2x2\0320.png = ..\LEGO brick images v1\3003 Brick 2x2\0320.png
		..\LEGO brick images v1\3003 Brick 2x2\0321.png = ..\LEGO brick images v1\3003 Brick 2x2\0321.png
		..\LEGO brick images v1\3003 Brick 2x2\0322.png = ..\LEGO brick images v1\3003 Brick 2x2\0322.png
		..\LEGO brick images v1\3003 Brick 2x2\0323.png = ..\LEGO brick images v1\3003 Brick 2x2\0323.png
		..\LEGO brick images v1\3003 Brick 2x2\0324.png = ..\LEGO brick images v1\3003 Brick 2x2\0324.png
		..\LEGO brick images v1\3003 Brick 2x2\0325.png = ..\LEGO brick images v1\3003 Brick 2x2\0325.png
		..\LEGO brick images v1\3003 Brick 2x2\0326.png = ..\LEGO brick images v1\3003 Brick 2x2\0326.png
		..\LEGO brick images v1\3003 Brick 2x2\0327.png = ..\LEGO brick images v1\3003 Brick 2x2\0327.png
		..\LEGO brick images v1\3003 Brick 2x2\0328.png = ..\LEGO brick images v1\3003 Brick 2x2\0328.png
		..\LEGO brick images v1\3003 Brick 2x2\0329.png = ..\LEGO brick images v1\3003 Brick 2x2\0329.png
		..\LEGO brick images v1\3003 Brick 2x2\0330.png = ..\LEGO brick images v1\3003 Brick 2x2\0330.png
		..\LEGO brick images v1\3003 Brick 2x2\0331.png = ..\LEGO brick images v1\3003 Brick 2x2\0331.png
		..\LEGO brick images v1\3003 Brick 2x2\0332.png = ..\LEGO brick images v1\3003 Brick 2x2\0332.png
		..\LEGO brick images v1\3003 Brick 2x2\0333.png = ..\LEGO brick images v1\3003 Brick 2x2\0333.png
		..\LEGO brick images v1\3003 Brick 2x2\0334.png = ..\LEGO brick images v1\3003 Brick 2x2\0334.png
		..\LEGO brick images v1\3003 Brick 2x2\0335.png = ..\LEGO brick images v1\3003 Brick 2x2\0335.png
		..\LEGO brick images v1\3003 Brick 2x2\0336.png = ..\LEGO brick images v1\3003 Brick 2x2\0336.png
		..\LEGO brick images v1\3003 Brick 2x2\0337.png = ..\LEGO brick images v1\3003 Brick 2x2\0337.png
		..\LEGO brick images v1\3003 Brick 2x2\0338.png = ..\LEGO brick images v1\3003 Brick 2x2\0338.png
		..\LEGO brick images v1\3003 Brick 2x2\0339.png = ..\LEGO brick images v1\3003 Brick 2x2\0339.png
		..\LEGO brick images v1\3003 Brick 2x2\0340.png = ..\LEGO brick images v1\3003 Brick 2x2\0340.png
		..\LEGO brick images v1\3003 Brick 2x2\0341.png = ..\LEGO brick images v1\3003 Brick 2x2\0341.png
		..\LEGO brick images v1\3003 Brick 2x2\0342.png = ..\LEGO brick images v1\3003 Brick 2x2\0342.png
		..\LEGO brick images v1\3003 Brick 2x2\0343.png = ..\LEGO brick images v1\3003 Brick 2x2\0343.png
		..\LEGO brick images v1\3003 Brick 2x2\0344.png = ..\LEGO brick images v1\3003 Brick 2x2\0344.png
		..\LEGO brick images v1\3003 Brick 2x2\0345.png = ..\LEGO brick images v1\3003 Brick 2x2\0345.png
		..\LEGO brick images v1\3003 Brick 2x2\0346.png = ..\LEGO brick images v1\3003 Brick 2x2\0346.png
		..\LEGO brick images v1\3003 Brick 2x2\0347.png = ..\LEGO brick images v1\3003 Brick 2x2\0347.png
		..\LEGO brick images v1\3003 Brick 2x2\0348.png = ..\LEGO brick images v1\3003 Brick 2x2\0348.png
		..\LEGO brick images v1\3003 Brick 2x2\0349.png = ..\LEGO brick images v1\3003 Brick 2x2\0349.png
		..\LEGO brick images v1\3003 Brick 2x2\0350.png = ..\LEGO brick images v1\3003 Brick 2x2\0350.png
		..\LEGO brick images v1\3003 Brick 2x2\0351.png = ..\LEGO brick images v1\3003 Brick 2x2\0351.png
		..\LEGO brick images v1\3003 Brick 2x2\0352.png = ..\LEGO brick images v1\3003 Brick 2x2\0352.png
		..\LEGO brick images v1\3003 Brick 2x2\0353.png = ..\LEGO brick images v1\3003 Brick 2x2\0353.png
		..\LEGO brick images v1\3003 Brick 2x2\0354.png = ..\LEGO brick images v1\3003 Brick 2x2\0354.png
		..\LEGO brick images v1\3003 Brick 2x2\0355.png = ..\LEGO brick images v1\3003 Brick 2x2\0355.png
		..\LEGO brick images v1\3003 Brick 2x2\0356.png = ..\LEGO brick images v1\3003 Brick 2x2\0356.png
		..\LEGO brick images v1\3003 Brick 2x2\0357.png = ..\LEGO brick images v1\3003 Brick 2x2\0357.png
		..\LEGO brick images v1\3003 Brick 2x2\0358.png = ..\LEGO brick images v1\3003 Brick 2x2\0358.png
		..\LEGO brick images v1\3003 Brick 2x2\0359.png = ..\LEGO brick images v1\3003 Brick 2x2\0359.png
		..\LEGO brick images v1\3003 Brick 2x2\0360.png = ..\LEGO brick images v1\3003 Brick 2x2\0360.png
		..\LEGO brick images v1\3003 Brick 2x2\0361.png = ..\LEGO brick images v1\3003 Brick 2x2\0361.png
		..\LEGO brick images v1\3003 Brick 2x2\0362.png = ..\LEGO brick images v1\3003 Brick 2x2\0362.png
		..\LEGO brick images v1\3003 Brick 2x2\0363.png = ..\LEGO brick images v1\3003 Brick 2x2\0363.png
		..\LEGO brick images v1\3003 Brick 2x2\0364.png = ..\LEGO brick images v1\3003 Brick 2x2\0364.png
		..\LEGO brick images v1\3003 Brick 2x2\0365.png = ..\LEGO brick images v1\3003 Brick 2x2\0365.png
		..\LEGO brick images v1\3003 Brick 2x2\0366.png = ..\LEGO brick images v1\3003 Brick 2x2\0366.png
		..\LEGO brick images v1\3003 Brick 2x2\0367.png = ..\LEGO brick images v1\3003 Brick 2x2\0367.png
		..\LEGO brick images v1\3003 Brick 2x2\0368.png = ..\LEGO brick images v1\3003 Brick 2x2\0368.png
		..\LEGO brick images v1\3003 Brick 2x2\0369.png = ..\LEGO brick images v1\3003 Brick 2x2\0369.png
		..\LEGO brick images v1\3003 Brick 2x2\0370.png = ..\LEGO brick images v1\3003 Brick 2x2\0370.png
		..\LEGO brick images v1\3003 Brick 2x2\0371.png = ..\LEGO brick images v1\3003 Brick 2x2\0371.png
		..\LEGO brick images v1\3003 Brick 2x2\0372.png = ..\LEGO brick images v1\3003 Brick 2x2\0372.png
		..\LEGO brick images v1\3003 Brick 2x2\0373.png = ..\LEGO brick images v1\3003 Brick 2x2\0373.png
		..\LEGO brick images v1\3003 Brick 2x2\0374.png = ..\LEGO brick images v1\3003 Brick 2x2\0374.png
		..\LEGO brick images v1\3003 Brick 2x2\0375.png = ..\LEGO brick images v1\3003 Brick 2x2\0375.png
		..\LEGO brick images v1\3003 Brick 2x2\0376.png = ..\LEGO brick images v1\3003 Brick 2x2\0376.png
		..\LEGO brick images v1\3003 Brick 2x2\0377.png = ..\LEGO brick images v1\3003 Brick 2x2\0377.png
		..\LEGO brick images v1\3003 Brick 2x2\0378.png = ..\LEGO brick images v1\3003 Brick 2x2\0378.png
		..\LEGO brick images v1\3003 Brick 2x2\0379.png = ..\LEGO brick images v1\3003 Brick 2x2\0379.png
		..\LEGO brick images v1\3003 Brick 2x2\0380.png = ..\LEGO brick images v1\3003 Brick 2x2\0380.png
		..\LEGO brick images v1\3003 Brick 2x2\0381.png = ..\LEGO brick images v1\3003 Brick 2x2\0381.png
		..\LEGO brick images v1\3003 Brick 2x2\0382.png = ..\LEGO brick images v1\3003 Brick 2x2\0382.png
		..\LEGO brick images v1\3003 Brick 2x2\0383.png = ..\LEGO brick images v1\3003 Brick 2x2\0383.png
		..\LEGO brick images v1\3003 Brick 2x2\0384.png = ..\LEGO brick images v1\3003 Brick 2x2\0384.png
		..\LEGO brick images v1\3003 Brick 2x2\0385.png = ..\LEGO brick images v1\3003 Brick 2x2\0385.png
		..\LEGO brick images v1\3003 Brick 2x2\0386.png = ..\LEGO brick images v1\3003 Brick 2x2\0386.png
		..\LEGO brick images v1\3003 Brick 2x2\0387.png = ..\LEGO brick images v1\3003 Brick 2x2\0387.png
		..\LEGO brick images v1\3003 Brick 2x2\0388.png = ..\LEGO brick images v1\3003 Brick 2x2\0388.png
		..\LEGO brick images v1\3003 Brick 2x2\0389.png = ..\LEGO brick images v1\3003 Brick 2x2\0389.png
		..\LEGO brick images v1\3003 Brick 2x2\0390.png = ..\LEGO brick images v1\3003 Brick 2x2\0390.png
		..\LEGO brick images v1\3003 Brick 2x2\0391.png = ..\LEGO brick images v1\3003 Brick 2x2\0391.png
		..\LEGO brick images v1\3003 Brick 2x2\0392.png = ..\LEGO brick images v1\3003 Brick 2x2\0392.png
		..\LEGO brick images v1\3003 Brick 2x2\0393.png = ..\LEGO brick images v1\3003 Brick 2x2\0393.png
		..\LEGO brick images v1\3003 Brick 2x2\0394.png = ..\LEGO brick images v1\3003 Brick 2x2\0394.png
		..\LEGO brick images v1\3003 Brick 2x2\0395.png = ..\LEGO brick images v1\3003 Brick 2x2\0395.png
		..\LEGO brick images v1\3003 Brick 2x2\0396.png = ..\LEGO brick images v1\3003 Brick 2x2\0396.png
		..\LEGO brick images v1\3003 Brick 2x2\0397.png = ..\LEGO brick images v1\3003 Brick 2x2\0397.png
		..\LEGO brick images v1\3003 Brick 2x2\0398.png = ..\LEGO brick images v1\3003 Brick 2x2\0398.png
		..\LEGO brick images v1\3003 Brick 2x2\0399.png = ..\LEGO brick images v1\3003 Brick 2x2\0399.png
		..\LEGO brick images v1\3003 Brick 2x2\0400.png = ..\LEGO brick images v1\3003 Brick 2x2\0400.png
	EndProjectSection
EndProject
Global
	GlobalSection(SolutionConfigurationPlatforms) = preSolution
		Debug|Any CPU = Debug|Any CPU
		Release|Any CPU = Release|Any CPU
	EndGlobalSection
	GlobalSection(ProjectConfigurationPlatforms) = postSolution
		{6C715CE9-82E0-47D6-B66F-AA07CB860DFC}.Debug|Any CPU.ActiveCfg = Debug|Any CPU
		{6C715CE9-82E0-47D6-B66F-AA07CB860DFC}.Debug|Any CPU.Build.0 = Debug|Any CPU
		{6C715CE9-82E0-47D6-B66F-AA07CB860DFC}.Release|Any CPU.ActiveCfg = Release|Any CPU
		{6C715CE9-82E0-47D6-B66F-AA07CB860DFC}.Release|Any CPU.Build.0 = Release|Any CPU
		{2CE4C7E2-2D9C-498E-900B-20985126BA48}.Debug|Any CPU.ActiveCfg = Debug|Any CPU
		{2CE4C7E2-2D9C-498E-900B-20985126BA48}.Debug|Any CPU.Build.0 = Debug|Any CPU
		{2CE4C7E2-2D9C-498E-900B-20985126BA48}.Release|Any CPU.ActiveCfg = Release|Any CPU
		{2CE4C7E2-2D9C-498E-900B-20985126BA48}.Release|Any CPU.Build.0 = Release|Any CPU
	EndGlobalSection
	GlobalSection(SolutionProperties) = preSolution
		HideSolutionNode = FALSE
	EndGlobalSection
	GlobalSection(ExtensibilityGlobals) = postSolution
		SolutionGuid = {55FB19FC-AF2C-4DD3-873F-C00E6096AEB3}
	EndGlobalSection
EndGlobal
